// !$*UTF8*$!
{
	archiveVersion = 1;
	classes = {
	};
	objectVersion = 46;
	objects = {

/* Begin PBXBuildFile section */
		090F8B3A16A7E253002131E1 /* HistoryDataCell.m in Sources */ = {isa = PBXBuildFile; fileRef = 090F8B3916A7E253002131E1 /* HistoryDataCell.m */; };
		090F8B3D16A7E26B002131E1 /* HistoryDataCell.xib in Resources */ = {isa = PBXBuildFile; fileRef = 090F8B3C16A7E26B002131E1 /* HistoryDataCell.xib */; };
		090F8B4116A7E52B002131E1 /* HistoryViewController.m in Sources */ = {isa = PBXBuildFile; fileRef = 090F8B3F16A7E52B002131E1 /* HistoryViewController.m */; };
		090F8B4216A7E52B002131E1 /* HistoryViewController.xib in Resources */ = {isa = PBXBuildFile; fileRef = 090F8B4016A7E52B002131E1 /* HistoryViewController.xib */; };
		091C61F516A018EF00F3606A /* CardsTableViewController.m in Sources */ = {isa = PBXBuildFile; fileRef = 091C61F316A018EF00F3606A /* CardsTableViewController.m */; };
		091C61F616A018EF00F3606A /* CardsTableViewController.xib in Resources */ = {isa = PBXBuildFile; fileRef = 091C61F416A018EF00F3606A /* CardsTableViewController.xib */; };
		092960F616B5DD37006954BE /* TestTypeButton.m in Sources */ = {isa = PBXBuildFile; fileRef = 092960F516B5DD37006954BE /* TestTypeButton.m */; };
		092CDCA8168D8D8D0092FD32 /* Defaults.plist in Resources */ = {isa = PBXBuildFile; fileRef = 092CDCA7168D8D8C0092FD32 /* Defaults.plist */; };
		092CE66516B3CA260008A741 /* signikaregular.ttf in Resources */ = {isa = PBXBuildFile; fileRef = 092CE66416B3CA260008A741 /* signikaregular.ttf */; };
		092CE66716B3CDBE0008A741 /* signikabold.ttf in Resources */ = {isa = PBXBuildFile; fileRef = 092CE66616B3CDBE0008A741 /* signikabold.ttf */; };
		092CE66916B3CE210008A741 /* signikalight.ttf in Resources */ = {isa = PBXBuildFile; fileRef = 092CE66816B3CDCF0008A741 /* signikalight.ttf */; };
		095BD20116C0225300FD62A1 /* StatisticsCell.xib in Resources */ = {isa = PBXBuildFile; fileRef = E5ED132716BFB06B00CC54AA /* StatisticsCell.xib */; };
		096F287916BD775100073CAB /* Default-568h@2x.png in Resources */ = {isa = PBXBuildFile; fileRef = 09D372F21681BA4F00F80410 /* Default-568h@2x.png */; };
		0973D9F216AD2C4500A8E30A /* Localizable.strings in Resources */ = {isa = PBXBuildFile; fileRef = 0973D9F416AD2C4500A8E30A /* Localizable.strings */; };
		0973D9FE16AD4DBE00A8E30A /* ASDepthModalViewController.m in Sources */ = {isa = PBXBuildFile; fileRef = 0973D9FD16AD4DBE00A8E30A /* ASDepthModalViewController.m */; };
		0973DA0E16ADB9F700A8E30A /* HomeViewController.m in Sources */ = {isa = PBXBuildFile; fileRef = 0973DA0C16ADB9F700A8E30A /* HomeViewController.m */; };
		0973DA0F16ADB9F700A8E30A /* HomeViewController.xib in Resources */ = {isa = PBXBuildFile; fileRef = 0973DA0D16ADB9F700A8E30A /* HomeViewController.xib */; };
		0984867516B6A6F300CE22C9 /* LevelDialSelectorControl.m in Sources */ = {isa = PBXBuildFile; fileRef = 0984867416B6A6F300CE22C9 /* LevelDialSelectorControl.m */; };
		0984867C16B6B3BA00CE22C9 /* SectorDial.m in Sources */ = {isa = PBXBuildFile; fileRef = 0984867B16B6B3BA00CE22C9 /* SectorDial.m */; };
		0993D38416B7FAE5003B3206 /* ImgIndependentHelper.m in Sources */ = {isa = PBXBuildFile; fileRef = 0993D38316B7FAE5003B3206 /* ImgIndependentHelper.m */; };
		099AF69116834580001A6BF3 /* PreferencesViewController.m in Sources */ = {isa = PBXBuildFile; fileRef = 099AF69016834580001A6BF3 /* PreferencesViewController.m */; };
		09AF754E16BA67F80075FC0B /* hints.plist in Resources */ = {isa = PBXBuildFile; fileRef = 09AF755016BA67F80075FC0B /* hints.plist */; };
		09CB352216AEDECC00995380 /* AVFoundation.framework in Frameworks */ = {isa = PBXBuildFile; fileRef = 09CB352116AEDECC00995380 /* AVFoundation.framework */; };
		09D372DD1681BA4F00F80410 /* UIKit.framework in Frameworks */ = {isa = PBXBuildFile; fileRef = 09D372DC1681BA4F00F80410 /* UIKit.framework */; };
		09D372DF1681BA4F00F80410 /* Foundation.framework in Frameworks */ = {isa = PBXBuildFile; fileRef = 09D372DE1681BA4F00F80410 /* Foundation.framework */; };
		09D372E11681BA4F00F80410 /* CoreGraphics.framework in Frameworks */ = {isa = PBXBuildFile; fileRef = 09D372E01681BA4F00F80410 /* CoreGraphics.framework */; };
		09D372E71681BA4F00F80410 /* InfoPlist.strings in Resources */ = {isa = PBXBuildFile; fileRef = 09D372E51681BA4F00F80410 /* InfoPlist.strings */; };
		09D372E91681BA4F00F80410 /* main.m in Sources */ = {isa = PBXBuildFile; fileRef = 09D372E81681BA4F00F80410 /* main.m */; };
		09D372ED1681BA4F00F80410 /* AppDelegate.m in Sources */ = {isa = PBXBuildFile; fileRef = 09D372EC1681BA4F00F80410 /* AppDelegate.m */; };
		09FFD4A616BFCE93001272F5 /* testScreenHelp-568h@2x.png in Resources */ = {isa = PBXBuildFile; fileRef = 09FFD4A816BFCE93001272F5 /* testScreenHelp-568h@2x.png */; };
		09FFD4AA16BFCEA3001272F5 /* testScreenHelp.png in Resources */ = {isa = PBXBuildFile; fileRef = 09FFD4AC16BFCEA3001272F5 /* testScreenHelp.png */; };
		09FFD4AE16BFCEAB001272F5 /* testScreenHelp@2x.png in Resources */ = {isa = PBXBuildFile; fileRef = 09FFD4B016BFCEAB001272F5 /* testScreenHelp@2x.png */; };
		E513C11E16A93D0F00467B5C /* UIColor+Saturation.m in Sources */ = {isa = PBXBuildFile; fileRef = E513C11D16A93D0F00467B5C /* UIColor+Saturation.m */; };
		E53DC4F016ABF9CB004CF825 /* HintsTableDelegate.m in Sources */ = {isa = PBXBuildFile; fileRef = E53DC4EF16ABF9CB004CF825 /* HintsTableDelegate.m */; };
		E53DC4F416AC4EE3004CF825 /* UILabel+FrameExpand.m in Sources */ = {isa = PBXBuildFile; fileRef = E53DC4F316AC4EE3004CF825 /* UILabel+FrameExpand.m */; };
		E53DC4F716AC56B5004CF825 /* HintsCell.m in Sources */ = {isa = PBXBuildFile; fileRef = E53DC4F616AC56B5004CF825 /* HintsCell.m */; };
		E53DC4F916AC56C6004CF825 /* HintsCell.xib in Resources */ = {isa = PBXBuildFile; fileRef = E53DC4F816AC56C6004CF825 /* HintsCell.xib */; };
		E53DC50216AC7D5B004CF825 /* verbs.plist in Resources */ = {isa = PBXBuildFile; fileRef = E53DC50116AC7D5B004CF825 /* verbs.plist */; };
		E54DD52416B1517A00271679 /* Default.png in Resources */ = {isa = PBXBuildFile; fileRef = E54DD52216B1517A00271679 /* Default.png */; };
		E54DD52516B1517A00271679 /* Default@2x.png in Resources */ = {isa = PBXBuildFile; fileRef = E54DD52316B1517A00271679 /* Default@2x.png */; };
		E550A5D3169CC83800DCA8D6 /* NSArray+Shuffling.m in Sources */ = {isa = PBXBuildFile; fileRef = E550A5D2169CC83800DCA8D6 /* NSArray+Shuffling.m */; };
		E550A5D6169CC85700DCA8D6 /* TestProgressView.m in Sources */ = {isa = PBXBuildFile; fileRef = E550A5D5169CC85700DCA8D6 /* TestProgressView.m */; };
		E570094616939C7300219C24 /* QuartzCore.framework in Frameworks */ = {isa = PBXBuildFile; fileRef = E570094516939C7300219C24 /* QuartzCore.framework */; };
		E58AC2D616B66D570062D525 /* TestSelectorViewController.xib in Resources */ = {isa = PBXBuildFile; fileRef = E58AC2D516B66D570062D525 /* TestSelectorViewController.xib */; };
		E59D12F91695BAEC00C8DE51 /* VerbsStore.m in Sources */ = {isa = PBXBuildFile; fileRef = E59D12F81695BAEC00C8DE51 /* VerbsStore.m */; };
		E5A0A7CE16BBBD9F00ADC8E9 /* HintsPopupViewController.m in Sources */ = {isa = PBXBuildFile; fileRef = E5A0A7CC16BBBD9F00ADC8E9 /* HintsPopupViewController.m */; };
		E5A0A7CF16BBBD9F00ADC8E9 /* HintsPopupViewController.xib in Resources */ = {isa = PBXBuildFile; fileRef = E5A0A7CD16BBBD9F00ADC8E9 /* HintsPopupViewController.xib */; };
		E5A272B116B98D1900F32524 /* RootTestViewController.m in Sources */ = {isa = PBXBuildFile; fileRef = E5A272AF16B98D1800F32524 /* RootTestViewController.m */; };
		E5A272B216B98D1900F32524 /* RootTestViewController.xib in Resources */ = {isa = PBXBuildFile; fileRef = E5A272B016B98D1900F32524 /* RootTestViewController.xib */; };
		E5A2E37916BAD8EE009C7700 /* check_nok_dark_grey.png in Resources */ = {isa = PBXBuildFile; fileRef = E5A2E34016BAD8EE009C7700 /* check_nok_dark_grey.png */; };
		E5A2E37A16BAD8EE009C7700 /* check_nok_dark_grey@2x.png in Resources */ = {isa = PBXBuildFile; fileRef = E5A2E34116BAD8EE009C7700 /* check_nok_dark_grey@2x.png */; };
		E5A2E37B16BAD8EE009C7700 /* check_nok_grey.png in Resources */ = {isa = PBXBuildFile; fileRef = E5A2E34216BAD8EE009C7700 /* check_nok_grey.png */; };
		E5A2E37C16BAD8EE009C7700 /* check_nok_grey@2x.png in Resources */ = {isa = PBXBuildFile; fileRef = E5A2E34316BAD8EE009C7700 /* check_nok_grey@2x.png */; };
		E5A2E37D16BAD8EE009C7700 /* check_nok_red.png in Resources */ = {isa = PBXBuildFile; fileRef = E5A2E34416BAD8EE009C7700 /* check_nok_red.png */; };
		E5A2E37E16BAD8EE009C7700 /* check_nok_red@2x.png in Resources */ = {isa = PBXBuildFile; fileRef = E5A2E34516BAD8EE009C7700 /* check_nok_red@2x.png */; };
		E5A2E37F16BAD8EE009C7700 /* check_ok_dark_grey.png in Resources */ = {isa = PBXBuildFile; fileRef = E5A2E34616BAD8EE009C7700 /* check_ok_dark_grey.png */; };
		E5A2E38016BAD8EE009C7700 /* check_ok_dark_grey@2x.png in Resources */ = {isa = PBXBuildFile; fileRef = E5A2E34716BAD8EE009C7700 /* check_ok_dark_grey@2x.png */; };
		E5A2E38116BAD8EE009C7700 /* check_ok_green.png in Resources */ = {isa = PBXBuildFile; fileRef = E5A2E34816BAD8EE009C7700 /* check_ok_green.png */; };
		E5A2E38216BAD8EE009C7700 /* check_ok_green@2x.png in Resources */ = {isa = PBXBuildFile; fileRef = E5A2E34916BAD8EE009C7700 /* check_ok_green@2x.png */; };
		E5A2E38316BAD8EE009C7700 /* check_ok_grey.png in Resources */ = {isa = PBXBuildFile; fileRef = E5A2E34A16BAD8EE009C7700 /* check_ok_grey.png */; };
		E5A2E38416BAD8EE009C7700 /* check_ok_grey@2x.png in Resources */ = {isa = PBXBuildFile; fileRef = E5A2E34B16BAD8EE009C7700 /* check_ok_grey@2x.png */; };
		E5A2E38516BAD8EE009C7700 /* checkmark_64.png in Resources */ = {isa = PBXBuildFile; fileRef = E5A2E34C16BAD8EE009C7700 /* checkmark_64.png */; };
		E5A2E38D16BAD8EE009C7700 /* homeButton.png in Resources */ = {isa = PBXBuildFile; fileRef = E5A2E35416BAD8EE009C7700 /* homeButton.png */; };
		E5A2E38E16BAD8EE009C7700 /* homeButton@2x.png in Resources */ = {isa = PBXBuildFile; fileRef = E5A2E35516BAD8EE009C7700 /* homeButton@2x.png */; };
		E5A2E38F16BAD8EE009C7700 /* homeButtonWOChevron.png in Resources */ = {isa = PBXBuildFile; fileRef = E5A2E35616BAD8EE009C7700 /* homeButtonWOChevron.png */; };
		E5A2E39016BAD8EE009C7700 /* homeButtonWOChevron@2x.png in Resources */ = {isa = PBXBuildFile; fileRef = E5A2E35716BAD8EE009C7700 /* homeButtonWOChevron@2x.png */; };
		E5A2E39116BAD8EE009C7700 /* HomeViewbg-568h@2x.png in Resources */ = {isa = PBXBuildFile; fileRef = E5A2E35816BAD8EE009C7700 /* HomeViewbg-568h@2x.png */; };
		E5A2E39216BAD8EE009C7700 /* HomeViewbg.png in Resources */ = {isa = PBXBuildFile; fileRef = E5A2E35916BAD8EE009C7700 /* HomeViewbg.png */; };
		E5A2E39316BAD8EE009C7700 /* HomeViewbg@2x.png in Resources */ = {isa = PBXBuildFile; fileRef = E5A2E35A16BAD8EE009C7700 /* HomeViewbg@2x.png */; };
		E5A2E39416BAD8EE009C7700 /* icon57.png in Resources */ = {isa = PBXBuildFile; fileRef = E5A2E35B16BAD8EE009C7700 /* icon57.png */; };
		E5A2E39516BAD8EE009C7700 /* icon114.png in Resources */ = {isa = PBXBuildFile; fileRef = E5A2E35C16BAD8EE009C7700 /* icon114.png */; };
		E5A2E39616BAD8EE009C7700 /* iconAjustes.png in Resources */ = {isa = PBXBuildFile; fileRef = E5A2E35D16BAD8EE009C7700 /* iconAjustes.png */; };
		E5A2E39716BAD8EE009C7700 /* iconAjustes@2x.png in Resources */ = {isa = PBXBuildFile; fileRef = E5A2E35E16BAD8EE009C7700 /* iconAjustes@2x.png */; };
		E5A2E39816BAD8EE009C7700 /* iconAprender.png in Resources */ = {isa = PBXBuildFile; fileRef = E5A2E35F16BAD8EE009C7700 /* iconAprender.png */; };
		E5A2E39916BAD8EE009C7700 /* iconAprender@2x.png in Resources */ = {isa = PBXBuildFile; fileRef = E5A2E36016BAD8EE009C7700 /* iconAprender@2x.png */; };
		E5A2E39A16BAD8EE009C7700 /* iconEvaluar.png in Resources */ = {isa = PBXBuildFile; fileRef = E5A2E36116BAD8EE009C7700 /* iconEvaluar.png */; };
		E5A2E39B16BAD8EE009C7700 /* iconEvaluar@2x.png in Resources */ = {isa = PBXBuildFile; fileRef = E5A2E36216BAD8EE009C7700 /* iconEvaluar@2x.png */; };
		E5A2E39C16BAD8EE009C7700 /* iconHistorial.png in Resources */ = {isa = PBXBuildFile; fileRef = E5A2E36316BAD8EE009C7700 /* iconHistorial.png */; };
		E5A2E39D16BAD8EE009C7700 /* iconHistorial@2x.png in Resources */ = {isa = PBXBuildFile; fileRef = E5A2E36416BAD8EE009C7700 /* iconHistorial@2x.png */; };
		E5A2E39E16BAD8EE009C7700 /* info.png in Resources */ = {isa = PBXBuildFile; fileRef = E5A2E36516BAD8EE009C7700 /* info.png */; };
		E5A2E39F16BAD8EE009C7700 /* info@2x.png in Resources */ = {isa = PBXBuildFile; fileRef = E5A2E36616BAD8EE009C7700 /* info@2x.png */; };
		E5A2E3A316BAD8EE009C7700 /* sectorImage0.png in Resources */ = {isa = PBXBuildFile; fileRef = E5A2E36A16BAD8EE009C7700 /* sectorImage0.png */; };
		E5A2E3A416BAD8EE009C7700 /* sectorImage0@2x.png in Resources */ = {isa = PBXBuildFile; fileRef = E5A2E36B16BAD8EE009C7700 /* sectorImage0@2x.png */; };
		E5A2E3A516BAD8EE009C7700 /* sectorImage1.png in Resources */ = {isa = PBXBuildFile; fileRef = E5A2E36C16BAD8EE009C7700 /* sectorImage1.png */; };
		E5A2E3A616BAD8EE009C7700 /* sectorImage1@2x.png in Resources */ = {isa = PBXBuildFile; fileRef = E5A2E36D16BAD8EE009C7700 /* sectorImage1@2x.png */; };
		E5A2E3A716BAD8EE009C7700 /* sectorImage2.png in Resources */ = {isa = PBXBuildFile; fileRef = E5A2E36E16BAD8EE009C7700 /* sectorImage2.png */; };
		E5A2E3A816BAD8EE009C7700 /* sectorImage2@2x.png in Resources */ = {isa = PBXBuildFile; fileRef = E5A2E36F16BAD8EE009C7700 /* sectorImage2@2x.png */; };
		E5A2E3A916BAD8EE009C7700 /* white-circular-bg1.png in Resources */ = {isa = PBXBuildFile; fileRef = E5A2E37016BAD8EE009C7700 /* white-circular-bg1.png */; };
		E5A2E3AA16BAD8EE009C7700 /* white-circular-bg1@2x.png in Resources */ = {isa = PBXBuildFile; fileRef = E5A2E37116BAD8EE009C7700 /* white-circular-bg1@2x.png */; };
		E5C2CA2E169C5F6600BEE2ED /* Referee.m in Sources */ = {isa = PBXBuildFile; fileRef = E5C2CA2D169C5F6600BEE2ED /* Referee.m */; };
		E5C2CA32169C6A0C00BEE2ED /* Verb.m in Sources */ = {isa = PBXBuildFile; fileRef = E5C2CA31169C6A0C00BEE2ED /* Verb.m */; };
		E5CAFA2016A72EC00015B16E /* PreferencesViewController.xib in Resources */ = {isa = PBXBuildFile; fileRef = E5CAFA1F16A72EC00015B16E /* PreferencesViewController.xib */; };
		E5D17C8716C023DC00027408 /* ModalOverlay.m in Sources */ = {isa = PBXBuildFile; fileRef = E5D17C8616C023DC00027408 /* ModalOverlay.m */; };
		E5DA21D316BBE8D100D30140 /* UIColor+IrregularVerbs.m in Sources */ = {isa = PBXBuildFile; fileRef = E5DA21D216BBE8D100D30140 /* UIColor+IrregularVerbs.m */; };
		E5DB039416A7E47900EE1E80 /* TSCVerbCell.m in Sources */ = {isa = PBXBuildFile; fileRef = E5DB039316A7E47900EE1E80 /* TSCVerbCell.m */; };
		E5DB039716A7E4C700EE1E80 /* TestScoreCardViewController.m in Sources */ = {isa = PBXBuildFile; fileRef = E5DB039616A7E4C700EE1E80 /* TestScoreCardViewController.m */; };
		E5DB039916A7E55700EE1E80 /* TSCVerbCell.xib in Resources */ = {isa = PBXBuildFile; fileRef = E5DB039816A7E55700EE1E80 /* TSCVerbCell.xib */; };
		E5DB039B16A7EBFB00EE1E80 /* TSCSummaryCell.xib in Resources */ = {isa = PBXBuildFile; fileRef = E5DB039A16A7EBFA00EE1E80 /* TSCSummaryCell.xib */; };
		E5DB039E16A7EDCE00EE1E80 /* TSCSummaryCell.m in Sources */ = {isa = PBXBuildFile; fileRef = E5DB039D16A7EDCE00EE1E80 /* TSCSummaryCell.m */; };
		E5DB03A516A7EEAC00EE1E80 /* PassFailGraphView.m in Sources */ = {isa = PBXBuildFile; fileRef = E5DB03A416A7EEAC00EE1E80 /* PassFailGraphView.m */; };
		E5E05A8F16A6BE2400CEB889 /* TestSelectorViewController.m in Sources */ = {isa = PBXBuildFile; fileRef = E5E05A8E16A6BE2400CEB889 /* TestSelectorViewController.m */; };
		E5E05B9716B2E98100F33CEC /* TestCase.m in Sources */ = {isa = PBXBuildFile; fileRef = E5E05B9616B2E98100F33CEC /* TestCase.m */; };
		E5E1AE0816C110F70048FF35 /* UIImage+H568.m in Sources */ = {isa = PBXBuildFile; fileRef = E5E1AE0716C110F70048FF35 /* UIImage+H568.m */; };
		E5ED132416BFB03400CC54AA /* StatisticsCell.m in Sources */ = {isa = PBXBuildFile; fileRef = E5ED132316BFB03400CC54AA /* StatisticsCell.m */; };
		E5F49E2016A5C89C0078EC5D /* TestCardViewController.m in Sources */ = {isa = PBXBuildFile; fileRef = E5F49E1E16A5C89C0078EC5D /* TestCardViewController.m */; };
		E5F49E2116A5C89C0078EC5D /* TestCardViewController.xib in Resources */ = {isa = PBXBuildFile; fileRef = E5F49E1F16A5C89C0078EC5D /* TestCardViewController.xib */; };
/* End PBXBuildFile section */

/* Begin PBXContainerItemProxy section */
		09656A8D16B91EEA0066F99D /* PBXContainerItemProxy */ = {
			isa = PBXContainerItemProxy;
			containerPortal = 09D372CF1681BA4F00F80410 /* Project object */;
			proxyType = 1;
			remoteGlobalIDString = 09656A8716B91E510066F99D;
			remoteInfo = "Image Script";
		};
/* End PBXContainerItemProxy section */

/* Begin PBXFileReference section */
		090F8B3816A7E253002131E1 /* HistoryDataCell.h */ = {isa = PBXFileReference; fileEncoding = 4; lastKnownFileType = sourcecode.c.h; path = HistoryDataCell.h; sourceTree = "<group>"; };
		090F8B3916A7E253002131E1 /* HistoryDataCell.m */ = {isa = PBXFileReference; fileEncoding = 4; lastKnownFileType = sourcecode.c.objc; path = HistoryDataCell.m; sourceTree = "<group>"; };
		090F8B3C16A7E26B002131E1 /* HistoryDataCell.xib */ = {isa = PBXFileReference; fileEncoding = 4; lastKnownFileType = file.xib; path = HistoryDataCell.xib; sourceTree = "<group>"; };
		090F8B3E16A7E52A002131E1 /* HistoryViewController.h */ = {isa = PBXFileReference; fileEncoding = 4; lastKnownFileType = sourcecode.c.h; path = HistoryViewController.h; sourceTree = "<group>"; };
		090F8B3F16A7E52B002131E1 /* HistoryViewController.m */ = {isa = PBXFileReference; fileEncoding = 4; lastKnownFileType = sourcecode.c.objc; path = HistoryViewController.m; sourceTree = "<group>"; };
		090F8B4016A7E52B002131E1 /* HistoryViewController.xib */ = {isa = PBXFileReference; fileEncoding = 4; lastKnownFileType = file.xib; path = HistoryViewController.xib; sourceTree = "<group>"; };
		091C61F216A018EF00F3606A /* CardsTableViewController.h */ = {isa = PBXFileReference; fileEncoding = 4; lastKnownFileType = sourcecode.c.h; path = CardsTableViewController.h; sourceTree = "<group>"; };
		091C61F316A018EF00F3606A /* CardsTableViewController.m */ = {isa = PBXFileReference; fileEncoding = 4; lastKnownFileType = sourcecode.c.objc; path = CardsTableViewController.m; sourceTree = "<group>"; };
		091C61F416A018EF00F3606A /* CardsTableViewController.xib */ = {isa = PBXFileReference; fileEncoding = 4; lastKnownFileType = file.xib; path = CardsTableViewController.xib; sourceTree = "<group>"; };
		092960F416B5DD37006954BE /* TestTypeButton.h */ = {isa = PBXFileReference; fileEncoding = 4; lastKnownFileType = sourcecode.c.h; path = TestTypeButton.h; sourceTree = "<group>"; };
		092960F516B5DD37006954BE /* TestTypeButton.m */ = {isa = PBXFileReference; fileEncoding = 4; lastKnownFileType = sourcecode.c.objc; path = TestTypeButton.m; sourceTree = "<group>"; };
		092CDCA7168D8D8C0092FD32 /* Defaults.plist */ = {isa = PBXFileReference; fileEncoding = 4; lastKnownFileType = text.plist.xml; path = Defaults.plist; sourceTree = "<group>"; };
		092CE66416B3CA260008A741 /* signikaregular.ttf */ = {isa = PBXFileReference; lastKnownFileType = file; path = signikaregular.ttf; sourceTree = "<group>"; };
		092CE66616B3CDBE0008A741 /* signikabold.ttf */ = {isa = PBXFileReference; lastKnownFileType = file; path = signikabold.ttf; sourceTree = "<group>"; };
		092CE66816B3CDCF0008A741 /* signikalight.ttf */ = {isa = PBXFileReference; lastKnownFileType = file; path = signikalight.ttf; sourceTree = "<group>"; };
		0973D9F316AD2C4500A8E30A /* en */ = {isa = PBXFileReference; lastKnownFileType = text.plist.strings; name = en; path = en.lproj/Localizable.strings; sourceTree = "<group>"; };
		0973D9F516AD2C5000A8E30A /* es */ = {isa = PBXFileReference; lastKnownFileType = text.plist.strings; name = es; path = es.lproj/Localizable.strings; sourceTree = "<group>"; };
		0973D9FC16AD4DBE00A8E30A /* ASDepthModalViewController.h */ = {isa = PBXFileReference; fileEncoding = 4; lastKnownFileType = sourcecode.c.h; path = ASDepthModalViewController.h; sourceTree = "<group>"; };
		0973D9FD16AD4DBE00A8E30A /* ASDepthModalViewController.m */ = {isa = PBXFileReference; fileEncoding = 4; lastKnownFileType = sourcecode.c.objc; path = ASDepthModalViewController.m; sourceTree = "<group>"; };
		0973DA0B16ADB9F700A8E30A /* HomeViewController.h */ = {isa = PBXFileReference; fileEncoding = 4; lastKnownFileType = sourcecode.c.h; path = HomeViewController.h; sourceTree = "<group>"; };
		0973DA0C16ADB9F700A8E30A /* HomeViewController.m */ = {isa = PBXFileReference; fileEncoding = 4; lastKnownFileType = sourcecode.c.objc; lineEnding = 0; path = HomeViewController.m; sourceTree = "<group>"; xcLanguageSpecificationIdentifier = xcode.lang.objc; };
		0973DA0D16ADB9F700A8E30A /* HomeViewController.xib */ = {isa = PBXFileReference; fileEncoding = 4; lastKnownFileType = file.xib; path = HomeViewController.xib; sourceTree = "<group>"; };
		0984867316B6A6F300CE22C9 /* LevelDialSelectorControl.h */ = {isa = PBXFileReference; fileEncoding = 4; lastKnownFileType = sourcecode.c.h; path = LevelDialSelectorControl.h; sourceTree = "<group>"; };
		0984867416B6A6F300CE22C9 /* LevelDialSelectorControl.m */ = {isa = PBXFileReference; fileEncoding = 4; lastKnownFileType = sourcecode.c.objc; lineEnding = 0; path = LevelDialSelectorControl.m; sourceTree = "<group>"; xcLanguageSpecificationIdentifier = xcode.lang.objc; };
		0984867A16B6B3BA00CE22C9 /* SectorDial.h */ = {isa = PBXFileReference; fileEncoding = 4; lastKnownFileType = sourcecode.c.h; path = SectorDial.h; sourceTree = "<group>"; };
		0984867B16B6B3BA00CE22C9 /* SectorDial.m */ = {isa = PBXFileReference; fileEncoding = 4; lastKnownFileType = sourcecode.c.objc; path = SectorDial.m; sourceTree = "<group>"; };
		0993D38216B7FAE5003B3206 /* ImgIndependentHelper.h */ = {isa = PBXFileReference; fileEncoding = 4; lastKnownFileType = sourcecode.c.h; path = ImgIndependentHelper.h; sourceTree = "<group>"; };
		0993D38316B7FAE5003B3206 /* ImgIndependentHelper.m */ = {isa = PBXFileReference; fileEncoding = 4; lastKnownFileType = sourcecode.c.objc; path = ImgIndependentHelper.m; sourceTree = "<group>"; };
		099AF61A1681FBAA001A6BF3 /* README.md */ = {isa = PBXFileReference; fileEncoding = 4; lastKnownFileType = text; path = README.md; sourceTree = "<group>"; };
		099AF68F16834580001A6BF3 /* PreferencesViewController.h */ = {isa = PBXFileReference; fileEncoding = 4; lastKnownFileType = sourcecode.c.h; path = PreferencesViewController.h; sourceTree = "<group>"; };
		099AF69016834580001A6BF3 /* PreferencesViewController.m */ = {isa = PBXFileReference; fileEncoding = 4; lastKnownFileType = sourcecode.c.objc; path = PreferencesViewController.m; sourceTree = "<group>"; };
		09AF754F16BA67F80075FC0B /* es */ = {isa = PBXFileReference; lastKnownFileType = text.plist.xml; name = es; path = es.lproj/hints.plist; sourceTree = "<group>"; };
		09AF755116BA68060075FC0B /* en */ = {isa = PBXFileReference; lastKnownFileType = text.plist.xml; name = en; path = en.lproj/hints.plist; sourceTree = "<group>"; };
		09CB352116AEDECC00995380 /* AVFoundation.framework */ = {isa = PBXFileReference; lastKnownFileType = wrapper.framework; name = AVFoundation.framework; path = System/Library/Frameworks/AVFoundation.framework; sourceTree = SDKROOT; };
		09D372D81681BA4F00F80410 /* A list of verbs.app */ = {isa = PBXFileReference; explicitFileType = wrapper.application; includeInIndex = 0; path = "A list of verbs.app"; sourceTree = BUILT_PRODUCTS_DIR; };
		09D372DC1681BA4F00F80410 /* UIKit.framework */ = {isa = PBXFileReference; lastKnownFileType = wrapper.framework; name = UIKit.framework; path = System/Library/Frameworks/UIKit.framework; sourceTree = SDKROOT; };
		09D372DE1681BA4F00F80410 /* Foundation.framework */ = {isa = PBXFileReference; lastKnownFileType = wrapper.framework; name = Foundation.framework; path = System/Library/Frameworks/Foundation.framework; sourceTree = SDKROOT; };
		09D372E01681BA4F00F80410 /* CoreGraphics.framework */ = {isa = PBXFileReference; lastKnownFileType = wrapper.framework; name = CoreGraphics.framework; path = System/Library/Frameworks/CoreGraphics.framework; sourceTree = SDKROOT; };
		09D372E41681BA4F00F80410 /* IrregularVerbs-Info.plist */ = {isa = PBXFileReference; lastKnownFileType = text.plist.xml; path = "IrregularVerbs-Info.plist"; sourceTree = "<group>"; };
		09D372E61681BA4F00F80410 /* en */ = {isa = PBXFileReference; lastKnownFileType = text.plist.strings; name = en; path = en.lproj/InfoPlist.strings; sourceTree = "<group>"; };
		09D372E81681BA4F00F80410 /* main.m */ = {isa = PBXFileReference; lastKnownFileType = sourcecode.c.objc; path = main.m; sourceTree = "<group>"; };
		09D372EA1681BA4F00F80410 /* IrregularVerbs-Prefix.pch */ = {isa = PBXFileReference; lastKnownFileType = sourcecode.c.h; path = "IrregularVerbs-Prefix.pch"; sourceTree = "<group>"; };
		09D372EB1681BA4F00F80410 /* AppDelegate.h */ = {isa = PBXFileReference; lastKnownFileType = sourcecode.c.h; path = AppDelegate.h; sourceTree = "<group>"; };
		09D372EC1681BA4F00F80410 /* AppDelegate.m */ = {isa = PBXFileReference; lastKnownFileType = sourcecode.c.objc; lineEnding = 0; path = AppDelegate.m; sourceTree = "<group>"; xcLanguageSpecificationIdentifier = xcode.lang.objc; };
		09D372F21681BA4F00F80410 /* Default-568h@2x.png */ = {isa = PBXFileReference; lastKnownFileType = image.png; path = "Default-568h@2x.png"; sourceTree = "<group>"; };
		09FFD4A716BFCE93001272F5 /* en */ = {isa = PBXFileReference; lastKnownFileType = image.png; name = en; path = "en.lproj/testScreenHelp-568h@2x.png"; sourceTree = "<group>"; };
		09FFD4A916BFCE97001272F5 /* es */ = {isa = PBXFileReference; lastKnownFileType = image.png; name = es; path = "es.lproj/testScreenHelp-568h@2x.png"; sourceTree = "<group>"; };
		09FFD4AB16BFCEA3001272F5 /* en */ = {isa = PBXFileReference; lastKnownFileType = image.png; name = en; path = en.lproj/testScreenHelp.png; sourceTree = "<group>"; };
		09FFD4AD16BFCEA7001272F5 /* es */ = {isa = PBXFileReference; lastKnownFileType = image.png; name = es; path = es.lproj/testScreenHelp.png; sourceTree = "<group>"; };
		09FFD4AF16BFCEAB001272F5 /* en */ = {isa = PBXFileReference; lastKnownFileType = image.png; name = en; path = "en.lproj/testScreenHelp@2x.png"; sourceTree = "<group>"; };
		09FFD4B116BFCEAD001272F5 /* es */ = {isa = PBXFileReference; lastKnownFileType = image.png; name = es; path = "es.lproj/testScreenHelp@2x.png"; sourceTree = "<group>"; };
		E513C11C16A93D0F00467B5C /* UIColor+Saturation.h */ = {isa = PBXFileReference; fileEncoding = 4; lastKnownFileType = sourcecode.c.h; path = "UIColor+Saturation.h"; sourceTree = "<group>"; };
		E513C11D16A93D0F00467B5C /* UIColor+Saturation.m */ = {isa = PBXFileReference; fileEncoding = 4; lastKnownFileType = sourcecode.c.objc; path = "UIColor+Saturation.m"; sourceTree = "<group>"; };
		E513C12516A94CE700467B5C /* screenshot1.png */ = {isa = PBXFileReference; lastKnownFileType = image.png; path = screenshot1.png; sourceTree = "<group>"; };
		E513C12716A94CE700467B5C /* screenshot3.png */ = {isa = PBXFileReference; lastKnownFileType = image.png; path = screenshot3.png; sourceTree = "<group>"; };
		E513C12816A94CE700467B5C /* screenshot4.png */ = {isa = PBXFileReference; lastKnownFileType = image.png; path = screenshot4.png; sourceTree = "<group>"; };
		E513C12916A94CE700467B5C /* screenshot5.png */ = {isa = PBXFileReference; lastKnownFileType = image.png; path = screenshot5.png; sourceTree = "<group>"; };
		E513C12A16A94CE700467B5C /* screenshot6.png */ = {isa = PBXFileReference; lastKnownFileType = image.png; path = screenshot6.png; sourceTree = "<group>"; };
		E513C12B16A94CE700467B5C /* screenshot7.png */ = {isa = PBXFileReference; lastKnownFileType = image.png; path = screenshot7.png; sourceTree = "<group>"; };
		E513C12C16A94CE700467B5C /* screenshot8.png */ = {isa = PBXFileReference; lastKnownFileType = image.png; path = screenshot8.png; sourceTree = "<group>"; };
		E513C12D16A94CE700467B5C /* screenshot9.png */ = {isa = PBXFileReference; lastKnownFileType = image.png; path = screenshot9.png; sourceTree = "<group>"; };
		E513C13716A9509700467B5C /* screenshot2.png */ = {isa = PBXFileReference; lastKnownFileType = image.png; path = screenshot2.png; sourceTree = "<group>"; };
		E53DC4EE16ABF9CB004CF825 /* HintsTableDelegate.h */ = {isa = PBXFileReference; fileEncoding = 4; lastKnownFileType = sourcecode.c.h; path = HintsTableDelegate.h; sourceTree = "<group>"; };
		E53DC4EF16ABF9CB004CF825 /* HintsTableDelegate.m */ = {isa = PBXFileReference; fileEncoding = 4; lastKnownFileType = sourcecode.c.objc; path = HintsTableDelegate.m; sourceTree = "<group>"; };
		E53DC4F216AC4EE3004CF825 /* UILabel+FrameExpand.h */ = {isa = PBXFileReference; fileEncoding = 4; lastKnownFileType = sourcecode.c.h; path = "UILabel+FrameExpand.h"; sourceTree = "<group>"; };
		E53DC4F316AC4EE3004CF825 /* UILabel+FrameExpand.m */ = {isa = PBXFileReference; fileEncoding = 4; lastKnownFileType = sourcecode.c.objc; path = "UILabel+FrameExpand.m"; sourceTree = "<group>"; };
		E53DC4F516AC56B5004CF825 /* HintsCell.h */ = {isa = PBXFileReference; fileEncoding = 4; lastKnownFileType = sourcecode.c.h; path = HintsCell.h; sourceTree = "<group>"; };
		E53DC4F616AC56B5004CF825 /* HintsCell.m */ = {isa = PBXFileReference; fileEncoding = 4; lastKnownFileType = sourcecode.c.objc; path = HintsCell.m; sourceTree = "<group>"; };
		E53DC4F816AC56C6004CF825 /* HintsCell.xib */ = {isa = PBXFileReference; fileEncoding = 4; lastKnownFileType = file.xib; path = HintsCell.xib; sourceTree = "<group>"; };
		E53DC50116AC7D5B004CF825 /* verbs.plist */ = {isa = PBXFileReference; fileEncoding = 4; lastKnownFileType = text.plist.xml; path = verbs.plist; sourceTree = "<group>"; };
		E54DD51C16B14E8500271679 /* screenshot2b.png */ = {isa = PBXFileReference; lastKnownFileType = image.png; path = screenshot2b.png; sourceTree = "<group>"; };
		E54DD52216B1517A00271679 /* Default.png */ = {isa = PBXFileReference; lastKnownFileType = image.png; path = Default.png; sourceTree = "<group>"; };
		E54DD52316B1517A00271679 /* Default@2x.png */ = {isa = PBXFileReference; lastKnownFileType = image.png; path = "Default@2x.png"; sourceTree = "<group>"; };
		E550A5D1169CC83800DCA8D6 /* NSArray+Shuffling.h */ = {isa = PBXFileReference; fileEncoding = 4; lastKnownFileType = sourcecode.c.h; path = "NSArray+Shuffling.h"; sourceTree = "<group>"; };
		E550A5D2169CC83800DCA8D6 /* NSArray+Shuffling.m */ = {isa = PBXFileReference; fileEncoding = 4; lastKnownFileType = sourcecode.c.objc; path = "NSArray+Shuffling.m"; sourceTree = "<group>"; };
		E550A5D4169CC84A00DCA8D6 /* TestProgressView.h */ = {isa = PBXFileReference; fileEncoding = 4; lastKnownFileType = sourcecode.c.h; path = TestProgressView.h; sourceTree = "<group>"; };
		E550A5D5169CC85700DCA8D6 /* TestProgressView.m */ = {isa = PBXFileReference; fileEncoding = 4; lastKnownFileType = sourcecode.c.objc; path = TestProgressView.m; sourceTree = "<group>"; };
		E570094516939C7300219C24 /* QuartzCore.framework */ = {isa = PBXFileReference; lastKnownFileType = wrapper.framework; name = QuartzCore.framework; path = System/Library/Frameworks/QuartzCore.framework; sourceTree = SDKROOT; };
		E58AC2D516B66D570062D525 /* TestSelectorViewController.xib */ = {isa = PBXFileReference; fileEncoding = 4; lastKnownFileType = file.xib; path = TestSelectorViewController.xib; sourceTree = "<group>"; };
		E59D12F71695BAEC00C8DE51 /* VerbsStore.h */ = {isa = PBXFileReference; fileEncoding = 4; lastKnownFileType = sourcecode.c.h; path = VerbsStore.h; sourceTree = "<group>"; };
		E59D12F81695BAEC00C8DE51 /* VerbsStore.m */ = {isa = PBXFileReference; fileEncoding = 4; lastKnownFileType = sourcecode.c.objc; path = VerbsStore.m; sourceTree = "<group>"; };
		E5A0A7CB16BBBD9F00ADC8E9 /* HintsPopupViewController.h */ = {isa = PBXFileReference; fileEncoding = 4; lastKnownFileType = sourcecode.c.h; path = HintsPopupViewController.h; sourceTree = "<group>"; };
		E5A0A7CC16BBBD9F00ADC8E9 /* HintsPopupViewController.m */ = {isa = PBXFileReference; fileEncoding = 4; lastKnownFileType = sourcecode.c.objc; lineEnding = 0; path = HintsPopupViewController.m; sourceTree = "<group>"; xcLanguageSpecificationIdentifier = xcode.lang.objc; };
		E5A0A7CD16BBBD9F00ADC8E9 /* HintsPopupViewController.xib */ = {isa = PBXFileReference; fileEncoding = 4; lastKnownFileType = file.xib; path = HintsPopupViewController.xib; sourceTree = "<group>"; };
		E5A272AE16B98D1800F32524 /* RootTestViewController.h */ = {isa = PBXFileReference; fileEncoding = 4; lastKnownFileType = sourcecode.c.h; path = RootTestViewController.h; sourceTree = "<group>"; };
		E5A272AF16B98D1800F32524 /* RootTestViewController.m */ = {isa = PBXFileReference; fileEncoding = 4; lastKnownFileType = sourcecode.c.objc; path = RootTestViewController.m; sourceTree = "<group>"; };
		E5A272B016B98D1900F32524 /* RootTestViewController.xib */ = {isa = PBXFileReference; fileEncoding = 4; lastKnownFileType = file.xib; path = RootTestViewController.xib; sourceTree = "<group>"; };
		E5A272B316B997F200F32524 /* TestCardViewControllerDelegate.h */ = {isa = PBXFileReference; fileEncoding = 4; lastKnownFileType = sourcecode.c.h; path = TestCardViewControllerDelegate.h; sourceTree = "<group>"; };
		E5A272B416B9BA9800F32524 /* images.h */ = {isa = PBXFileReference; fileEncoding = 4; lastKnownFileType = sourcecode.c.h; path = images.h; sourceTree = "<group>"; };
		E5A2E34016BAD8EE009C7700 /* check_nok_dark_grey.png */ = {isa = PBXFileReference; lastKnownFileType = image.png; name = check_nok_dark_grey.png; path = images/check_nok_dark_grey.png; sourceTree = "<group>"; };
		E5A2E34116BAD8EE009C7700 /* check_nok_dark_grey@2x.png */ = {isa = PBXFileReference; lastKnownFileType = image.png; name = "check_nok_dark_grey@2x.png"; path = "images/check_nok_dark_grey@2x.png"; sourceTree = "<group>"; };
		E5A2E34216BAD8EE009C7700 /* check_nok_grey.png */ = {isa = PBXFileReference; lastKnownFileType = image.png; name = check_nok_grey.png; path = images/check_nok_grey.png; sourceTree = "<group>"; };
		E5A2E34316BAD8EE009C7700 /* check_nok_grey@2x.png */ = {isa = PBXFileReference; lastKnownFileType = image.png; name = "check_nok_grey@2x.png"; path = "images/check_nok_grey@2x.png"; sourceTree = "<group>"; };
		E5A2E34416BAD8EE009C7700 /* check_nok_red.png */ = {isa = PBXFileReference; lastKnownFileType = image.png; name = check_nok_red.png; path = images/check_nok_red.png; sourceTree = "<group>"; };
		E5A2E34516BAD8EE009C7700 /* check_nok_red@2x.png */ = {isa = PBXFileReference; lastKnownFileType = image.png; name = "check_nok_red@2x.png"; path = "images/check_nok_red@2x.png"; sourceTree = "<group>"; };
		E5A2E34616BAD8EE009C7700 /* check_ok_dark_grey.png */ = {isa = PBXFileReference; lastKnownFileType = image.png; name = check_ok_dark_grey.png; path = images/check_ok_dark_grey.png; sourceTree = "<group>"; };
		E5A2E34716BAD8EE009C7700 /* check_ok_dark_grey@2x.png */ = {isa = PBXFileReference; lastKnownFileType = image.png; name = "check_ok_dark_grey@2x.png"; path = "images/check_ok_dark_grey@2x.png"; sourceTree = "<group>"; };
		E5A2E34816BAD8EE009C7700 /* check_ok_green.png */ = {isa = PBXFileReference; lastKnownFileType = image.png; name = check_ok_green.png; path = images/check_ok_green.png; sourceTree = "<group>"; };
		E5A2E34916BAD8EE009C7700 /* check_ok_green@2x.png */ = {isa = PBXFileReference; lastKnownFileType = image.png; name = "check_ok_green@2x.png"; path = "images/check_ok_green@2x.png"; sourceTree = "<group>"; };
		E5A2E34A16BAD8EE009C7700 /* check_ok_grey.png */ = {isa = PBXFileReference; lastKnownFileType = image.png; name = check_ok_grey.png; path = images/check_ok_grey.png; sourceTree = "<group>"; };
		E5A2E34B16BAD8EE009C7700 /* check_ok_grey@2x.png */ = {isa = PBXFileReference; lastKnownFileType = image.png; name = "check_ok_grey@2x.png"; path = "images/check_ok_grey@2x.png"; sourceTree = "<group>"; };
		E5A2E34C16BAD8EE009C7700 /* checkmark_64.png */ = {isa = PBXFileReference; lastKnownFileType = image.png; name = checkmark_64.png; path = images/checkmark_64.png; sourceTree = "<group>"; };
		E5A2E35416BAD8EE009C7700 /* homeButton.png */ = {isa = PBXFileReference; lastKnownFileType = image.png; name = homeButton.png; path = images/homeButton.png; sourceTree = "<group>"; };
		E5A2E35516BAD8EE009C7700 /* homeButton@2x.png */ = {isa = PBXFileReference; lastKnownFileType = image.png; name = "homeButton@2x.png"; path = "images/homeButton@2x.png"; sourceTree = "<group>"; };
		E5A2E35616BAD8EE009C7700 /* homeButtonWOChevron.png */ = {isa = PBXFileReference; lastKnownFileType = image.png; name = homeButtonWOChevron.png; path = images/homeButtonWOChevron.png; sourceTree = "<group>"; };
		E5A2E35716BAD8EE009C7700 /* homeButtonWOChevron@2x.png */ = {isa = PBXFileReference; lastKnownFileType = image.png; name = "homeButtonWOChevron@2x.png"; path = "images/homeButtonWOChevron@2x.png"; sourceTree = "<group>"; };
		E5A2E35816BAD8EE009C7700 /* HomeViewbg-568h@2x.png */ = {isa = PBXFileReference; lastKnownFileType = image.png; name = "HomeViewbg-568h@2x.png"; path = "images/HomeViewbg-568h@2x.png"; sourceTree = "<group>"; };
		E5A2E35916BAD8EE009C7700 /* HomeViewbg.png */ = {isa = PBXFileReference; lastKnownFileType = image.png; name = HomeViewbg.png; path = images/HomeViewbg.png; sourceTree = "<group>"; };
		E5A2E35A16BAD8EE009C7700 /* HomeViewbg@2x.png */ = {isa = PBXFileReference; lastKnownFileType = image.png; name = "HomeViewbg@2x.png"; path = "images/HomeViewbg@2x.png"; sourceTree = "<group>"; };
		E5A2E35B16BAD8EE009C7700 /* icon57.png */ = {isa = PBXFileReference; lastKnownFileType = image.png; name = icon57.png; path = images/icon57.png; sourceTree = "<group>"; };
		E5A2E35C16BAD8EE009C7700 /* icon114.png */ = {isa = PBXFileReference; lastKnownFileType = image.png; name = icon114.png; path = images/icon114.png; sourceTree = "<group>"; };
		E5A2E35D16BAD8EE009C7700 /* iconAjustes.png */ = {isa = PBXFileReference; lastKnownFileType = image.png; name = iconAjustes.png; path = images/iconAjustes.png; sourceTree = "<group>"; };
		E5A2E35E16BAD8EE009C7700 /* iconAjustes@2x.png */ = {isa = PBXFileReference; lastKnownFileType = image.png; name = "iconAjustes@2x.png"; path = "images/iconAjustes@2x.png"; sourceTree = "<group>"; };
		E5A2E35F16BAD8EE009C7700 /* iconAprender.png */ = {isa = PBXFileReference; lastKnownFileType = image.png; name = iconAprender.png; path = images/iconAprender.png; sourceTree = "<group>"; };
		E5A2E36016BAD8EE009C7700 /* iconAprender@2x.png */ = {isa = PBXFileReference; lastKnownFileType = image.png; name = "iconAprender@2x.png"; path = "images/iconAprender@2x.png"; sourceTree = "<group>"; };
		E5A2E36116BAD8EE009C7700 /* iconEvaluar.png */ = {isa = PBXFileReference; lastKnownFileType = image.png; name = iconEvaluar.png; path = images/iconEvaluar.png; sourceTree = "<group>"; };
		E5A2E36216BAD8EE009C7700 /* iconEvaluar@2x.png */ = {isa = PBXFileReference; lastKnownFileType = image.png; name = "iconEvaluar@2x.png"; path = "images/iconEvaluar@2x.png"; sourceTree = "<group>"; };
		E5A2E36316BAD8EE009C7700 /* iconHistorial.png */ = {isa = PBXFileReference; lastKnownFileType = image.png; name = iconHistorial.png; path = images/iconHistorial.png; sourceTree = "<group>"; };
		E5A2E36416BAD8EE009C7700 /* iconHistorial@2x.png */ = {isa = PBXFileReference; lastKnownFileType = image.png; name = "iconHistorial@2x.png"; path = "images/iconHistorial@2x.png"; sourceTree = "<group>"; };
		E5A2E36516BAD8EE009C7700 /* info.png */ = {isa = PBXFileReference; lastKnownFileType = image.png; name = info.png; path = images/info.png; sourceTree = "<group>"; };
		E5A2E36616BAD8EE009C7700 /* info@2x.png */ = {isa = PBXFileReference; lastKnownFileType = image.png; name = "info@2x.png"; path = "images/info@2x.png"; sourceTree = "<group>"; };
		E5A2E36A16BAD8EE009C7700 /* sectorImage0.png */ = {isa = PBXFileReference; lastKnownFileType = image.png; name = sectorImage0.png; path = images/sectorImage0.png; sourceTree = "<group>"; };
		E5A2E36B16BAD8EE009C7700 /* sectorImage0@2x.png */ = {isa = PBXFileReference; lastKnownFileType = image.png; name = "sectorImage0@2x.png"; path = "images/sectorImage0@2x.png"; sourceTree = "<group>"; };
		E5A2E36C16BAD8EE009C7700 /* sectorImage1.png */ = {isa = PBXFileReference; lastKnownFileType = image.png; name = sectorImage1.png; path = images/sectorImage1.png; sourceTree = "<group>"; };
		E5A2E36D16BAD8EE009C7700 /* sectorImage1@2x.png */ = {isa = PBXFileReference; lastKnownFileType = image.png; name = "sectorImage1@2x.png"; path = "images/sectorImage1@2x.png"; sourceTree = "<group>"; };
		E5A2E36E16BAD8EE009C7700 /* sectorImage2.png */ = {isa = PBXFileReference; lastKnownFileType = image.png; name = sectorImage2.png; path = images/sectorImage2.png; sourceTree = "<group>"; };
		E5A2E36F16BAD8EE009C7700 /* sectorImage2@2x.png */ = {isa = PBXFileReference; lastKnownFileType = image.png; name = "sectorImage2@2x.png"; path = "images/sectorImage2@2x.png"; sourceTree = "<group>"; };
		E5A2E37016BAD8EE009C7700 /* white-circular-bg1.png */ = {isa = PBXFileReference; lastKnownFileType = image.png; name = "white-circular-bg1.png"; path = "images/white-circular-bg1.png"; sourceTree = "<group>"; };
		E5A2E37116BAD8EE009C7700 /* white-circular-bg1@2x.png */ = {isa = PBXFileReference; lastKnownFileType = image.png; name = "white-circular-bg1@2x.png"; path = "images/white-circular-bg1@2x.png"; sourceTree = "<group>"; };
		E5BB4A5616ADB2AB00030041 /* verbs.plist */ = {isa = PBXFileReference; fileEncoding = 4; lastKnownFileType = text.plist.xml; path = verbs.plist; sourceTree = "<group>"; };
		E5C2CA2C169C5F6600BEE2ED /* Referee.h */ = {isa = PBXFileReference; fileEncoding = 4; lastKnownFileType = sourcecode.c.h; path = Referee.h; sourceTree = "<group>"; };
		E5C2CA2D169C5F6600BEE2ED /* Referee.m */ = {isa = PBXFileReference; fileEncoding = 4; lastKnownFileType = sourcecode.c.objc; lineEnding = 0; path = Referee.m; sourceTree = "<group>"; xcLanguageSpecificationIdentifier = xcode.lang.objc; };
		E5C2CA30169C6A0C00BEE2ED /* Verb.h */ = {isa = PBXFileReference; fileEncoding = 4; lastKnownFileType = sourcecode.c.h; path = Verb.h; sourceTree = "<group>"; };
		E5C2CA31169C6A0C00BEE2ED /* Verb.m */ = {isa = PBXFileReference; fileEncoding = 4; lastKnownFileType = sourcecode.c.objc; path = Verb.m; sourceTree = "<group>"; };
		E5CAFA1F16A72EC00015B16E /* PreferencesViewController.xib */ = {isa = PBXFileReference; fileEncoding = 4; lastKnownFileType = file.xib; path = PreferencesViewController.xib; sourceTree = "<group>"; };
		E5D17C8516C023DC00027408 /* ModalOverlay.h */ = {isa = PBXFileReference; fileEncoding = 4; lastKnownFileType = sourcecode.c.h; path = ModalOverlay.h; sourceTree = "<group>"; };
		E5D17C8616C023DC00027408 /* ModalOverlay.m */ = {isa = PBXFileReference; fileEncoding = 4; lastKnownFileType = sourcecode.c.objc; path = ModalOverlay.m; sourceTree = "<group>"; };
		E5DA21D116BBE8D100D30140 /* UIColor+IrregularVerbs.h */ = {isa = PBXFileReference; fileEncoding = 4; lastKnownFileType = sourcecode.c.h; path = "UIColor+IrregularVerbs.h"; sourceTree = "<group>"; };
		E5DA21D216BBE8D100D30140 /* UIColor+IrregularVerbs.m */ = {isa = PBXFileReference; fileEncoding = 4; lastKnownFileType = sourcecode.c.objc; path = "UIColor+IrregularVerbs.m"; sourceTree = "<group>"; };
		E5DB039216A7E47900EE1E80 /* TSCVerbCell.h */ = {isa = PBXFileReference; fileEncoding = 4; lastKnownFileType = sourcecode.c.h; path = TSCVerbCell.h; sourceTree = "<group>"; };
		E5DB039316A7E47900EE1E80 /* TSCVerbCell.m */ = {isa = PBXFileReference; fileEncoding = 4; lastKnownFileType = sourcecode.c.objc; path = TSCVerbCell.m; sourceTree = "<group>"; };
		E5DB039516A7E4C700EE1E80 /* TestScoreCardViewController.h */ = {isa = PBXFileReference; fileEncoding = 4; lastKnownFileType = sourcecode.c.h; path = TestScoreCardViewController.h; sourceTree = "<group>"; };
		E5DB039616A7E4C700EE1E80 /* TestScoreCardViewController.m */ = {isa = PBXFileReference; fileEncoding = 4; lastKnownFileType = sourcecode.c.objc; path = TestScoreCardViewController.m; sourceTree = "<group>"; };
		E5DB039816A7E55700EE1E80 /* TSCVerbCell.xib */ = {isa = PBXFileReference; fileEncoding = 4; lastKnownFileType = file.xib; path = TSCVerbCell.xib; sourceTree = "<group>"; };
		E5DB039A16A7EBFA00EE1E80 /* TSCSummaryCell.xib */ = {isa = PBXFileReference; fileEncoding = 4; lastKnownFileType = file.xib; path = TSCSummaryCell.xib; sourceTree = "<group>"; };
		E5DB039C16A7EDCE00EE1E80 /* TSCSummaryCell.h */ = {isa = PBXFileReference; fileEncoding = 4; lastKnownFileType = sourcecode.c.h; path = TSCSummaryCell.h; sourceTree = "<group>"; };
		E5DB039D16A7EDCE00EE1E80 /* TSCSummaryCell.m */ = {isa = PBXFileReference; fileEncoding = 4; lastKnownFileType = sourcecode.c.objc; path = TSCSummaryCell.m; sourceTree = "<group>"; };
		E5DB03A316A7EEAC00EE1E80 /* PassFailGraphView.h */ = {isa = PBXFileReference; fileEncoding = 4; lastKnownFileType = sourcecode.c.h; path = PassFailGraphView.h; sourceTree = "<group>"; };
		E5DB03A416A7EEAC00EE1E80 /* PassFailGraphView.m */ = {isa = PBXFileReference; fileEncoding = 4; lastKnownFileType = sourcecode.c.objc; lineEnding = 0; path = PassFailGraphView.m; sourceTree = "<group>"; xcLanguageSpecificationIdentifier = xcode.lang.objc; };
		E5E05A8D16A6BE2400CEB889 /* TestSelectorViewController.h */ = {isa = PBXFileReference; fileEncoding = 4; lastKnownFileType = sourcecode.c.h; path = TestSelectorViewController.h; sourceTree = "<group>"; };
		E5E05A8E16A6BE2400CEB889 /* TestSelectorViewController.m */ = {isa = PBXFileReference; fileEncoding = 4; lastKnownFileType = sourcecode.c.objc; path = TestSelectorViewController.m; sourceTree = "<group>"; };
		E5E05B9516B2E98100F33CEC /* TestCase.h */ = {isa = PBXFileReference; fileEncoding = 4; lastKnownFileType = sourcecode.c.h; path = TestCase.h; sourceTree = "<group>"; };
		E5E05B9616B2E98100F33CEC /* TestCase.m */ = {isa = PBXFileReference; fileEncoding = 4; lastKnownFileType = sourcecode.c.objc; path = TestCase.m; sourceTree = "<group>"; };
		E5E05B9916B2FE2800F33CEC /* PresentedViewControllerDelegate.h */ = {isa = PBXFileReference; fileEncoding = 4; lastKnownFileType = sourcecode.c.h; path = PresentedViewControllerDelegate.h; sourceTree = "<group>"; };
		E5E1AE0616C110F70048FF35 /* UIImage+H568.h */ = {isa = PBXFileReference; fileEncoding = 4; lastKnownFileType = sourcecode.c.h; path = "UIImage+H568.h"; sourceTree = "<group>"; };
		E5E1AE0716C110F70048FF35 /* UIImage+H568.m */ = {isa = PBXFileReference; fileEncoding = 4; lastKnownFileType = sourcecode.c.objc; path = "UIImage+H568.m"; sourceTree = "<group>"; };
		E5ED132216BFB03400CC54AA /* StatisticsCell.h */ = {isa = PBXFileReference; fileEncoding = 4; lastKnownFileType = sourcecode.c.h; path = StatisticsCell.h; sourceTree = "<group>"; };
		E5ED132316BFB03400CC54AA /* StatisticsCell.m */ = {isa = PBXFileReference; fileEncoding = 4; lastKnownFileType = sourcecode.c.objc; path = StatisticsCell.m; sourceTree = "<group>"; };
		E5ED132716BFB06B00CC54AA /* StatisticsCell.xib */ = {isa = PBXFileReference; fileEncoding = 4; lastKnownFileType = file.xib; path = StatisticsCell.xib; sourceTree = "<group>"; };
		E5F49E1D16A5C89C0078EC5D /* TestCardViewController.h */ = {isa = PBXFileReference; fileEncoding = 4; lastKnownFileType = sourcecode.c.h; path = TestCardViewController.h; sourceTree = "<group>"; };
		E5F49E1E16A5C89C0078EC5D /* TestCardViewController.m */ = {isa = PBXFileReference; fileEncoding = 4; lastKnownFileType = sourcecode.c.objc; path = TestCardViewController.m; sourceTree = "<group>"; };
		E5F49E1F16A5C89C0078EC5D /* TestCardViewController.xib */ = {isa = PBXFileReference; fileEncoding = 4; lastKnownFileType = file.xib; path = TestCardViewController.xib; sourceTree = "<group>"; };
/* End PBXFileReference section */

/* Begin PBXFrameworksBuildPhase section */
		09D372D51681BA4F00F80410 /* Frameworks */ = {
			isa = PBXFrameworksBuildPhase;
			buildActionMask = 2147483647;
			files = (
				09CB352216AEDECC00995380 /* AVFoundation.framework in Frameworks */,
				E570094616939C7300219C24 /* QuartzCore.framework in Frameworks */,
				09D372DD1681BA4F00F80410 /* UIKit.framework in Frameworks */,
				09D372DF1681BA4F00F80410 /* Foundation.framework in Frameworks */,
				09D372E11681BA4F00F80410 /* CoreGraphics.framework in Frameworks */,
			);
			runOnlyForDeploymentPostprocessing = 0;
		};
/* End PBXFrameworksBuildPhase section */

/* Begin PBXGroup section */
		0973D9FA16AD4D8600A8E30A /* Third Party */ = {
			isa = PBXGroup;
			children = (
				0973D9FB16AD4DA700A8E30A /* ViewControllers */,
			);
			name = "Third Party";
			sourceTree = "<group>";
		};
		0973D9FB16AD4DA700A8E30A /* ViewControllers */ = {
			isa = PBXGroup;
			children = (
				0973D9FC16AD4DBE00A8E30A /* ASDepthModalViewController.h */,
				0973D9FD16AD4DBE00A8E30A /* ASDepthModalViewController.m */,
			);
			name = ViewControllers;
			sourceTree = "<group>";
		};
		09D372CD1681BA4F00F80410 = {
			isa = PBXGroup;
			children = (
				E550A5DD169CC8C600DCA8D6 /* Readme */,
				09D372E21681BA4F00F80410 /* IrregularVerbs */,
				09D372DB1681BA4F00F80410 /* Frameworks */,
				09D372D91681BA4F00F80410 /* Products */,
			);
			sourceTree = "<group>";
		};
		09D372D91681BA4F00F80410 /* Products */ = {
			isa = PBXGroup;
			children = (
				09D372D81681BA4F00F80410 /* A list of verbs.app */,
			);
			name = Products;
			sourceTree = "<group>";
		};
		09D372DB1681BA4F00F80410 /* Frameworks */ = {
			isa = PBXGroup;
			children = (
				09CB352116AEDECC00995380 /* AVFoundation.framework */,
				E570094516939C7300219C24 /* QuartzCore.framework */,
				09D372DC1681BA4F00F80410 /* UIKit.framework */,
				09D372DE1681BA4F00F80410 /* Foundation.framework */,
				09D372E01681BA4F00F80410 /* CoreGraphics.framework */,
			);
			name = Frameworks;
			sourceTree = "<group>";
		};
		09D372E21681BA4F00F80410 /* IrregularVerbs */ = {
			isa = PBXGroup;
			children = (
				0973D9FA16AD4D8600A8E30A /* Third Party */,
				E550A5EA169CC90700DCA8D6 /* Model */,
				E550A5EB169CC92700DCA8D6 /* ViewControllers */,
				E550A5EC169CC95400DCA8D6 /* Views */,
				E550A5ED169CC98500DCA8D6 /* Helpers */,
				09D372E31681BA4F00F80410 /* Supporting Files */,
			);
			path = IrregularVerbs;
			sourceTree = "<group>";
		};
		09D372E31681BA4F00F80410 /* Supporting Files */ = {
			isa = PBXGroup;
			children = (
				E5A272B416B9BA9800F32524 /* images.h */,
				092CE66816B3CDCF0008A741 /* signikalight.ttf */,
				092CE66616B3CDBE0008A741 /* signikabold.ttf */,
				092CE66416B3CA260008A741 /* signikaregular.ttf */,
				E54DD52216B1517A00271679 /* Default.png */,
				E54DD52316B1517A00271679 /* Default@2x.png */,
				09D372F21681BA4F00F80410 /* Default-568h@2x.png */,
				0973D9F416AD2C4500A8E30A /* Localizable.strings */,
				09AF755016BA67F80075FC0B /* hints.plist */,
				09D372E81681BA4F00F80410 /* main.m */,
				09D372EA1681BA4F00F80410 /* IrregularVerbs-Prefix.pch */,
				09D372EB1681BA4F00F80410 /* AppDelegate.h */,
				09D372EC1681BA4F00F80410 /* AppDelegate.m */,
				092CDCA7168D8D8C0092FD32 /* Defaults.plist */,
				E5BB4A5616ADB2AB00030041 /* verbs.plist */,
				E550A5EE169CC9AE00DCA8D6 /* Images */,
				09D372E41681BA4F00F80410 /* IrregularVerbs-Info.plist */,
				E53DC50116AC7D5B004CF825 /* verbs.plist */,
				09D372E51681BA4F00F80410 /* InfoPlist.strings */,
			);
			name = "Supporting Files";
			sourceTree = "<group>";
		};
		E52F436B16A81C6E00220CF1 /* Home */ = {
			isa = PBXGroup;
			children = (
				0973DA0B16ADB9F700A8E30A /* HomeViewController.h */,
				0973DA0C16ADB9F700A8E30A /* HomeViewController.m */,
				0973DA0D16ADB9F700A8E30A /* HomeViewController.xib */,
				0984867316B6A6F300CE22C9 /* LevelDialSelectorControl.h */,
				0984867416B6A6F300CE22C9 /* LevelDialSelectorControl.m */,
				0984867A16B6B3BA00CE22C9 /* SectorDial.h */,
				0984867B16B6B3BA00CE22C9 /* SectorDial.m */,
			);
			name = Home;
			sourceTree = "<group>";
		};
		E52F436D16A81C7F00220CF1 /* Preferences */ = {
			isa = PBXGroup;
			children = (
				099AF68F16834580001A6BF3 /* PreferencesViewController.h */,
				099AF69016834580001A6BF3 /* PreferencesViewController.m */,
				E5CAFA1F16A72EC00015B16E /* PreferencesViewController.xib */,
			);
			name = Preferences;
			sourceTree = "<group>";
		};
		E52F436E16A81CA100220CF1 /* Test */ = {
			isa = PBXGroup;
			children = (
				092960F416B5DD37006954BE /* TestTypeButton.h */,
				092960F516B5DD37006954BE /* TestTypeButton.m */,
				E5DB039216A7E47900EE1E80 /* TSCVerbCell.h */,
				E5DB039316A7E47900EE1E80 /* TSCVerbCell.m */,
				E5DB039816A7E55700EE1E80 /* TSCVerbCell.xib */,
				E5DB039C16A7EDCE00EE1E80 /* TSCSummaryCell.h */,
				E5DB039D16A7EDCE00EE1E80 /* TSCSummaryCell.m */,
				E5DB039A16A7EBFA00EE1E80 /* TSCSummaryCell.xib */,
				E5DB039516A7E4C700EE1E80 /* TestScoreCardViewController.h */,
				E5DB039616A7E4C700EE1E80 /* TestScoreCardViewController.m */,
				E5A272B316B997F200F32524 /* TestCardViewControllerDelegate.h */,
				E5F49E1D16A5C89C0078EC5D /* TestCardViewController.h */,
				E5F49E1E16A5C89C0078EC5D /* TestCardViewController.m */,
				E5F49E1F16A5C89C0078EC5D /* TestCardViewController.xib */,
				E5A272AE16B98D1800F32524 /* RootTestViewController.h */,
				E5A272AF16B98D1800F32524 /* RootTestViewController.m */,
				E5A272B016B98D1900F32524 /* RootTestViewController.xib */,
				E5E05A8D16A6BE2400CEB889 /* TestSelectorViewController.h */,
				E5E05A8E16A6BE2400CEB889 /* TestSelectorViewController.m */,
				E58AC2D516B66D570062D525 /* TestSelectorViewController.xib */,
				E5E05B9916B2FE2800F33CEC /* PresentedViewControllerDelegate.h */,
			);
			name = Test;
			sourceTree = "<group>";
		};
		E52F436F16A81CBD00220CF1 /* History */ = {
			isa = PBXGroup;
			children = (
				090F8B3816A7E253002131E1 /* HistoryDataCell.h */,
				090F8B3916A7E253002131E1 /* HistoryDataCell.m */,
				090F8B3C16A7E26B002131E1 /* HistoryDataCell.xib */,
				090F8B3E16A7E52A002131E1 /* HistoryViewController.h */,
				090F8B3F16A7E52B002131E1 /* HistoryViewController.m */,
				090F8B4016A7E52B002131E1 /* HistoryViewController.xib */,
				E5ED132216BFB03400CC54AA /* StatisticsCell.h */,
				E5ED132316BFB03400CC54AA /* StatisticsCell.m */,
				E5ED132716BFB06B00CC54AA /* StatisticsCell.xib */,
			);
			name = History;
			sourceTree = "<group>";
		};
		E550A5DD169CC8C600DCA8D6 /* Readme */ = {
			isa = PBXGroup;
			children = (
				099AF61A1681FBAA001A6BF3 /* README.md */,
				E513C12516A94CE700467B5C /* screenshot1.png */,
				E513C13716A9509700467B5C /* screenshot2.png */,
				E54DD51C16B14E8500271679 /* screenshot2b.png */,
				E513C12716A94CE700467B5C /* screenshot3.png */,
				E513C12816A94CE700467B5C /* screenshot4.png */,
				E513C12916A94CE700467B5C /* screenshot5.png */,
				E513C12A16A94CE700467B5C /* screenshot6.png */,
				E513C12B16A94CE700467B5C /* screenshot7.png */,
				E513C12C16A94CE700467B5C /* screenshot8.png */,
				E513C12D16A94CE700467B5C /* screenshot9.png */,
			);
			name = Readme;
			sourceTree = "<group>";
		};
		E550A5EA169CC90700DCA8D6 /* Model */ = {
			isa = PBXGroup;
			children = (
				E59D12F71695BAEC00C8DE51 /* VerbsStore.h */,
				E59D12F81695BAEC00C8DE51 /* VerbsStore.m */,
				E5C2CA30169C6A0C00BEE2ED /* Verb.h */,
				E5C2CA31169C6A0C00BEE2ED /* Verb.m */,
				E5E05B9516B2E98100F33CEC /* TestCase.h */,
				E5E05B9616B2E98100F33CEC /* TestCase.m */,
			);
			name = Model;
			sourceTree = "<group>";
		};
		E550A5EB169CC92700DCA8D6 /* ViewControllers */ = {
			isa = PBXGroup;
			children = (
				E5A0A7CA16BBBD6E00ADC8E9 /* Hints */,
				E52F436B16A81C6E00220CF1 /* Home */,
				E5B0A74916A8B55800ADEBCE /* Learn */,
				E52F436E16A81CA100220CF1 /* Test */,
				E52F436F16A81CBD00220CF1 /* History */,
				E52F436D16A81C7F00220CF1 /* Preferences */,
			);
			name = ViewControllers;
			sourceTree = "<group>";
		};
		E550A5EC169CC95400DCA8D6 /* Views */ = {
			isa = PBXGroup;
			children = (
				E5DB03A316A7EEAC00EE1E80 /* PassFailGraphView.h */,
				E5DB03A416A7EEAC00EE1E80 /* PassFailGraphView.m */,
				E550A5D5169CC85700DCA8D6 /* TestProgressView.m */,
				E550A5D4169CC84A00DCA8D6 /* TestProgressView.h */,
			);
			name = Views;
			sourceTree = "<group>";
		};
		E550A5ED169CC98500DCA8D6 /* Helpers */ = {
			isa = PBXGroup;
			children = (
				E5D17C8516C023DC00027408 /* ModalOverlay.h */,
				E5D17C8616C023DC00027408 /* ModalOverlay.m */,
				E5E1AE0616C110F70048FF35 /* UIImage+H568.h */,
				E5E1AE0716C110F70048FF35 /* UIImage+H568.m */,
				E5DA21D116BBE8D100D30140 /* UIColor+IrregularVerbs.h */,
				E5DA21D216BBE8D100D30140 /* UIColor+IrregularVerbs.m */,
				E53DC4F216AC4EE3004CF825 /* UILabel+FrameExpand.h */,
				E53DC4F316AC4EE3004CF825 /* UILabel+FrameExpand.m */,
				E513C11C16A93D0F00467B5C /* UIColor+Saturation.h */,
				E513C11D16A93D0F00467B5C /* UIColor+Saturation.m */,
				E550A5D1169CC83800DCA8D6 /* NSArray+Shuffling.h */,
				E550A5D2169CC83800DCA8D6 /* NSArray+Shuffling.m */,
				E5C2CA2C169C5F6600BEE2ED /* Referee.h */,
				E5C2CA2D169C5F6600BEE2ED /* Referee.m */,
				0993D38216B7FAE5003B3206 /* ImgIndependentHelper.h */,
				0993D38316B7FAE5003B3206 /* ImgIndependentHelper.m */,
			);
			name = Helpers;
			sourceTree = "<group>";
		};
		E550A5EE169CC9AE00DCA8D6 /* Images */ = {
			isa = PBXGroup;
			children = (
				09FFD4AC16BFCEA3001272F5 /* testScreenHelp.png */,
				09FFD4B016BFCEAB001272F5 /* testScreenHelp@2x.png */,
				09FFD4A816BFCE93001272F5 /* testScreenHelp-568h@2x.png */,
				E5A2E34016BAD8EE009C7700 /* check_nok_dark_grey.png */,
				E5A2E34116BAD8EE009C7700 /* check_nok_dark_grey@2x.png */,
				E5A2E34216BAD8EE009C7700 /* check_nok_grey.png */,
				E5A2E34316BAD8EE009C7700 /* check_nok_grey@2x.png */,
				E5A2E34416BAD8EE009C7700 /* check_nok_red.png */,
				E5A2E34516BAD8EE009C7700 /* check_nok_red@2x.png */,
				E5A2E34616BAD8EE009C7700 /* check_ok_dark_grey.png */,
				E5A2E34716BAD8EE009C7700 /* check_ok_dark_grey@2x.png */,
				E5A2E34816BAD8EE009C7700 /* check_ok_green.png */,
				E5A2E34916BAD8EE009C7700 /* check_ok_green@2x.png */,
				E5A2E34A16BAD8EE009C7700 /* check_ok_grey.png */,
				E5A2E34B16BAD8EE009C7700 /* check_ok_grey@2x.png */,
				E5A2E34C16BAD8EE009C7700 /* checkmark_64.png */,
				E5A2E35416BAD8EE009C7700 /* homeButton.png */,
				E5A2E35516BAD8EE009C7700 /* homeButton@2x.png */,
				E5A2E35616BAD8EE009C7700 /* homeButtonWOChevron.png */,
				E5A2E35716BAD8EE009C7700 /* homeButtonWOChevron@2x.png */,
				E5A2E35816BAD8EE009C7700 /* HomeViewbg-568h@2x.png */,
				E5A2E35916BAD8EE009C7700 /* HomeViewbg.png */,
				E5A2E35A16BAD8EE009C7700 /* HomeViewbg@2x.png */,
				E5A2E35B16BAD8EE009C7700 /* icon57.png */,
				E5A2E35C16BAD8EE009C7700 /* icon114.png */,
				E5A2E35D16BAD8EE009C7700 /* iconAjustes.png */,
				E5A2E35E16BAD8EE009C7700 /* iconAjustes@2x.png */,
				E5A2E35F16BAD8EE009C7700 /* iconAprender.png */,
				E5A2E36016BAD8EE009C7700 /* iconAprender@2x.png */,
				E5A2E36116BAD8EE009C7700 /* iconEvaluar.png */,
				E5A2E36216BAD8EE009C7700 /* iconEvaluar@2x.png */,
				E5A2E36316BAD8EE009C7700 /* iconHistorial.png */,
				E5A2E36416BAD8EE009C7700 /* iconHistorial@2x.png */,
				E5A2E36516BAD8EE009C7700 /* info.png */,
				E5A2E36616BAD8EE009C7700 /* info@2x.png */,
				E5A2E36A16BAD8EE009C7700 /* sectorImage0.png */,
				E5A2E36B16BAD8EE009C7700 /* sectorImage0@2x.png */,
				E5A2E36C16BAD8EE009C7700 /* sectorImage1.png */,
				E5A2E36D16BAD8EE009C7700 /* sectorImage1@2x.png */,
				E5A2E36E16BAD8EE009C7700 /* sectorImage2.png */,
				E5A2E36F16BAD8EE009C7700 /* sectorImage2@2x.png */,
				E5A2E37016BAD8EE009C7700 /* white-circular-bg1.png */,
				E5A2E37116BAD8EE009C7700 /* white-circular-bg1@2x.png */,
			);
			name = Images;
			sourceTree = "<group>";
		};
		E5A0A7CA16BBBD6E00ADC8E9 /* Hints */ = {
			isa = PBXGroup;
			children = (
				E5A0A7CB16BBBD9F00ADC8E9 /* HintsPopupViewController.h */,
				E5A0A7CC16BBBD9F00ADC8E9 /* HintsPopupViewController.m */,
				E5A0A7CD16BBBD9F00ADC8E9 /* HintsPopupViewController.xib */,
			);
			name = Hints;
			sourceTree = "<group>";
		};
		E5B0A74916A8B55800ADEBCE /* Learn */ = {
			isa = PBXGroup;
			children = (
				E53DC4F516AC56B5004CF825 /* HintsCell.h */,
				E53DC4F616AC56B5004CF825 /* HintsCell.m */,
				E53DC4F816AC56C6004CF825 /* HintsCell.xib */,
				E53DC4EE16ABF9CB004CF825 /* HintsTableDelegate.h */,
				E53DC4EF16ABF9CB004CF825 /* HintsTableDelegate.m */,
				091C61F216A018EF00F3606A /* CardsTableViewController.h */,
				091C61F316A018EF00F3606A /* CardsTableViewController.m */,
				091C61F416A018EF00F3606A /* CardsTableViewController.xib */,
			);
			name = Learn;
			sourceTree = "<group>";
		};
/* End PBXGroup section */

/* Begin PBXLegacyTarget section */
		09656A8716B91E510066F99D /* Image Script */ = {
			isa = PBXLegacyTarget;
			buildArgumentsString = "\"$(SRCROOT)/IrregularVerbs/image.py\"   -s \"$(SRCROOT)/IrregularVerbs/images\"  -d \"$(SRCROOT)/IrregularVerbs/images.h\" ";
			buildConfigurationList = 09656A8A16B91E520066F99D /* Build configuration list for PBXLegacyTarget "Image Script" */;
			buildPhases = (
			);
			buildToolPath = /usr/bin/python;
			buildWorkingDirectory = "";
			dependencies = (
			);
			name = "Image Script";
			passBuildSettingsInEnvironment = 1;
			productName = "Image Script";
		};
/* End PBXLegacyTarget section */

/* Begin PBXNativeTarget section */
		09D372D71681BA4F00F80410 /* A list of verbs */ = {
			isa = PBXNativeTarget;
			buildConfigurationList = 09D372FC1681BA4F00F80410 /* Build configuration list for PBXNativeTarget "A list of verbs" */;
			buildPhases = (
				09D372D41681BA4F00F80410 /* Sources */,
				09D372D51681BA4F00F80410 /* Frameworks */,
				09D372D61681BA4F00F80410 /* Resources */,
			);
			buildRules = (
			);
			dependencies = (
				09656A8E16B91EEA0066F99D /* PBXTargetDependency */,
			);
			name = "A list of verbs";
			productName = IrregularVerbs;
			productReference = 09D372D81681BA4F00F80410 /* A list of verbs.app */;
			productType = "com.apple.product-type.application";
		};
/* End PBXNativeTarget section */

/* Begin PBXProject section */
		09D372CF1681BA4F00F80410 /* Project object */ = {
			isa = PBXProject;
			attributes = {
				LastUpgradeCheck = 0450;
				ORGANIZATIONNAME = "Oswaldo Rubio";
			};
			buildConfigurationList = 09D372D21681BA4F00F80410 /* Build configuration list for PBXProject "IrregularVerbs" */;
			compatibilityVersion = "Xcode 3.2";
			developmentRegion = English;
			hasScannedForEncodings = 0;
			knownRegions = (
				en,
				es,
			);
			mainGroup = 09D372CD1681BA4F00F80410;
			productRefGroup = 09D372D91681BA4F00F80410 /* Products */;
			projectDirPath = "";
			projectRoot = "";
			targets = (
				09D372D71681BA4F00F80410 /* A list of verbs */,
				09656A8716B91E510066F99D /* Image Script */,
			);
		};
/* End PBXProject section */

/* Begin PBXResourcesBuildPhase section */
		09D372D61681BA4F00F80410 /* Resources */ = {
			isa = PBXResourcesBuildPhase;
			buildActionMask = 2147483647;
			files = (
				09D372E71681BA4F00F80410 /* InfoPlist.strings in Resources */,
				092CDCA8168D8D8D0092FD32 /* Defaults.plist in Resources */,
				091C61F616A018EF00F3606A /* CardsTableViewController.xib in Resources */,
				E5F49E2116A5C89C0078EC5D /* TestCardViewController.xib in Resources */,
				E5CAFA2016A72EC00015B16E /* PreferencesViewController.xib in Resources */,
				E5DB039916A7E55700EE1E80 /* TSCVerbCell.xib in Resources */,
				E5DB039B16A7EBFB00EE1E80 /* TSCSummaryCell.xib in Resources */,
				090F8B3D16A7E26B002131E1 /* HistoryDataCell.xib in Resources */,
				090F8B4216A7E52B002131E1 /* HistoryViewController.xib in Resources */,
				09AF754E16BA67F80075FC0B /* hints.plist in Resources */,
				E53DC4F916AC56C6004CF825 /* HintsCell.xib in Resources */,
				E53DC50216AC7D5B004CF825 /* verbs.plist in Resources */,
				0973D9F216AD2C4500A8E30A /* Localizable.strings in Resources */,
				0973DA0F16ADB9F700A8E30A /* HomeViewController.xib in Resources */,
				E54DD52416B1517A00271679 /* Default.png in Resources */,
				E54DD52516B1517A00271679 /* Default@2x.png in Resources */,
				092CE66516B3CA260008A741 /* signikaregular.ttf in Resources */,
				092CE66716B3CDBE0008A741 /* signikabold.ttf in Resources */,
				092CE66916B3CE210008A741 /* signikalight.ttf in Resources */,
				E58AC2D616B66D570062D525 /* TestSelectorViewController.xib in Resources */,
				E5A272B216B98D1900F32524 /* RootTestViewController.xib in Resources */,
				E5A2E37916BAD8EE009C7700 /* check_nok_dark_grey.png in Resources */,
				E5A2E37A16BAD8EE009C7700 /* check_nok_dark_grey@2x.png in Resources */,
				E5A2E37B16BAD8EE009C7700 /* check_nok_grey.png in Resources */,
				E5A2E37C16BAD8EE009C7700 /* check_nok_grey@2x.png in Resources */,
				E5A2E37D16BAD8EE009C7700 /* check_nok_red.png in Resources */,
				E5A2E37E16BAD8EE009C7700 /* check_nok_red@2x.png in Resources */,
				E5A2E37F16BAD8EE009C7700 /* check_ok_dark_grey.png in Resources */,
				E5A2E38016BAD8EE009C7700 /* check_ok_dark_grey@2x.png in Resources */,
				E5A2E38116BAD8EE009C7700 /* check_ok_green.png in Resources */,
				E5A2E38216BAD8EE009C7700 /* check_ok_green@2x.png in Resources */,
				E5A2E38316BAD8EE009C7700 /* check_ok_grey.png in Resources */,
				E5A2E38416BAD8EE009C7700 /* check_ok_grey@2x.png in Resources */,
				E5A2E38516BAD8EE009C7700 /* checkmark_64.png in Resources */,
				E5A2E38D16BAD8EE009C7700 /* homeButton.png in Resources */,
				E5A2E38E16BAD8EE009C7700 /* homeButton@2x.png in Resources */,
				E5A2E38F16BAD8EE009C7700 /* homeButtonWOChevron.png in Resources */,
				E5A2E39016BAD8EE009C7700 /* homeButtonWOChevron@2x.png in Resources */,
				E5A2E39116BAD8EE009C7700 /* HomeViewbg-568h@2x.png in Resources */,
				E5A2E39216BAD8EE009C7700 /* HomeViewbg.png in Resources */,
				E5A2E39316BAD8EE009C7700 /* HomeViewbg@2x.png in Resources */,
				E5A2E39416BAD8EE009C7700 /* icon57.png in Resources */,
				E5A2E39516BAD8EE009C7700 /* icon114.png in Resources */,
				E5A2E39616BAD8EE009C7700 /* iconAjustes.png in Resources */,
				E5A2E39716BAD8EE009C7700 /* iconAjustes@2x.png in Resources */,
				E5A2E39816BAD8EE009C7700 /* iconAprender.png in Resources */,
				E5A2E39916BAD8EE009C7700 /* iconAprender@2x.png in Resources */,
				E5A2E39A16BAD8EE009C7700 /* iconEvaluar.png in Resources */,
				E5A2E39B16BAD8EE009C7700 /* iconEvaluar@2x.png in Resources */,
				E5A2E39C16BAD8EE009C7700 /* iconHistorial.png in Resources */,
				E5A2E39D16BAD8EE009C7700 /* iconHistorial@2x.png in Resources */,
				E5A2E39E16BAD8EE009C7700 /* info.png in Resources */,
				E5A2E39F16BAD8EE009C7700 /* info@2x.png in Resources */,
				E5A2E3A316BAD8EE009C7700 /* sectorImage0.png in Resources */,
				E5A2E3A416BAD8EE009C7700 /* sectorImage0@2x.png in Resources */,
				E5A2E3A516BAD8EE009C7700 /* sectorImage1.png in Resources */,
				E5A2E3A616BAD8EE009C7700 /* sectorImage1@2x.png in Resources */,
				E5A2E3A716BAD8EE009C7700 /* sectorImage2.png in Resources */,
				E5A2E3A816BAD8EE009C7700 /* sectorImage2@2x.png in Resources */,
				E5A2E3A916BAD8EE009C7700 /* white-circular-bg1.png in Resources */,
				E5A2E3AA16BAD8EE009C7700 /* white-circular-bg1@2x.png in Resources */,
				E5A0A7CF16BBBD9F00ADC8E9 /* HintsPopupViewController.xib in Resources */,
				096F287916BD775100073CAB /* Default-568h@2x.png in Resources */,
				09FFD4AA16BFCEA3001272F5 /* testScreenHelp.png in Resources */,
				09FFD4AE16BFCEAB001272F5 /* testScreenHelp@2x.png in Resources */,
				09FFD4A616BFCE93001272F5 /* testScreenHelp-568h@2x.png in Resources */,
				095BD20116C0225300FD62A1 /* StatisticsCell.xib in Resources */,
			);
			runOnlyForDeploymentPostprocessing = 0;
		};
/* End PBXResourcesBuildPhase section */

/* Begin PBXSourcesBuildPhase section */
		09D372D41681BA4F00F80410 /* Sources */ = {
			isa = PBXSourcesBuildPhase;
			buildActionMask = 2147483647;
			files = (
				09D372E91681BA4F00F80410 /* main.m in Sources */,
				09D372ED1681BA4F00F80410 /* AppDelegate.m in Sources */,
				099AF69116834580001A6BF3 /* PreferencesViewController.m in Sources */,
				E59D12F91695BAEC00C8DE51 /* VerbsStore.m in Sources */,
				E5C2CA2E169C5F6600BEE2ED /* Referee.m in Sources */,
				E5C2CA32169C6A0C00BEE2ED /* Verb.m in Sources */,
				E550A5D3169CC83800DCA8D6 /* NSArray+Shuffling.m in Sources */,
				E550A5D6169CC85700DCA8D6 /* TestProgressView.m in Sources */,
				091C61F516A018EF00F3606A /* CardsTableViewController.m in Sources */,
				E5F49E2016A5C89C0078EC5D /* TestCardViewController.m in Sources */,
				E5E05A8F16A6BE2400CEB889 /* TestSelectorViewController.m in Sources */,
				E5DB039416A7E47900EE1E80 /* TSCVerbCell.m in Sources */,
				E5DB039716A7E4C700EE1E80 /* TestScoreCardViewController.m in Sources */,
				090F8B3A16A7E253002131E1 /* HistoryDataCell.m in Sources */,
				090F8B4116A7E52B002131E1 /* HistoryViewController.m in Sources */,
				E5DB039E16A7EDCE00EE1E80 /* TSCSummaryCell.m in Sources */,
				E5DB03A516A7EEAC00EE1E80 /* PassFailGraphView.m in Sources */,
				E513C11E16A93D0F00467B5C /* UIColor+Saturation.m in Sources */,
				E53DC4F016ABF9CB004CF825 /* HintsTableDelegate.m in Sources */,
				E53DC4F416AC4EE3004CF825 /* UILabel+FrameExpand.m in Sources */,
				E53DC4F716AC56B5004CF825 /* HintsCell.m in Sources */,
				0973D9FE16AD4DBE00A8E30A /* ASDepthModalViewController.m in Sources */,
				0973DA0E16ADB9F700A8E30A /* HomeViewController.m in Sources */,
				E5E05B9716B2E98100F33CEC /* TestCase.m in Sources */,
				092960F616B5DD37006954BE /* TestTypeButton.m in Sources */,
				0984867516B6A6F300CE22C9 /* LevelDialSelectorControl.m in Sources */,
				0984867C16B6B3BA00CE22C9 /* SectorDial.m in Sources */,
				0993D38416B7FAE5003B3206 /* ImgIndependentHelper.m in Sources */,
				E5A272B116B98D1900F32524 /* RootTestViewController.m in Sources */,
				E5A0A7CE16BBBD9F00ADC8E9 /* HintsPopupViewController.m in Sources */,
				E5DA21D316BBE8D100D30140 /* UIColor+IrregularVerbs.m in Sources */,
				E5ED132416BFB03400CC54AA /* StatisticsCell.m in Sources */,
				E5D17C8716C023DC00027408 /* ModalOverlay.m in Sources */,
				E5E1AE0816C110F70048FF35 /* UIImage+H568.m in Sources */,
			);
			runOnlyForDeploymentPostprocessing = 0;
		};
/* End PBXSourcesBuildPhase section */

/* Begin PBXTargetDependency section */
		09656A8E16B91EEA0066F99D /* PBXTargetDependency */ = {
			isa = PBXTargetDependency;
			target = 09656A8716B91E510066F99D /* Image Script */;
			targetProxy = 09656A8D16B91EEA0066F99D /* PBXContainerItemProxy */;
		};
/* End PBXTargetDependency section */

/* Begin PBXVariantGroup section */
		0973D9F416AD2C4500A8E30A /* Localizable.strings */ = {
			isa = PBXVariantGroup;
			children = (
				0973D9F316AD2C4500A8E30A /* en */,
				0973D9F516AD2C5000A8E30A /* es */,
			);
			name = Localizable.strings;
			path = IrregularVerbs;
			sourceTree = SOURCE_ROOT;
		};
		09AF755016BA67F80075FC0B /* hints.plist */ = {
			isa = PBXVariantGroup;
			children = (
				09AF754F16BA67F80075FC0B /* es */,
				09AF755116BA68060075FC0B /* en */,
			);
			name = hints.plist;
			sourceTree = "<group>";
		};
		09D372E51681BA4F00F80410 /* InfoPlist.strings */ = {
			isa = PBXVariantGroup;
			children = (
				09D372E61681BA4F00F80410 /* en */,
			);
			name = InfoPlist.strings;
			sourceTree = "<group>";
		};
		09FFD4A816BFCE93001272F5 /* testScreenHelp-568h@2x.png */ = {
			isa = PBXVariantGroup;
			children = (
				09FFD4A716BFCE93001272F5 /* en */,
				09FFD4A916BFCE97001272F5 /* es */,
			);
			name = "testScreenHelp-568h@2x.png";
			path = images;
			sourceTree = "<group>";
		};
		09FFD4AC16BFCEA3001272F5 /* testScreenHelp.png */ = {
			isa = PBXVariantGroup;
			children = (
				09FFD4AB16BFCEA3001272F5 /* en */,
				09FFD4AD16BFCEA7001272F5 /* es */,
			);
			name = testScreenHelp.png;
			path = images;
			sourceTree = "<group>";
		};
		09FFD4B016BFCEAB001272F5 /* testScreenHelp@2x.png */ = {
			isa = PBXVariantGroup;
			children = (
				09FFD4AF16BFCEAB001272F5 /* en */,
				09FFD4B116BFCEAD001272F5 /* es */,
			);
			name = "testScreenHelp@2x.png";
			path = images;
			sourceTree = "<group>";
		};
/* End PBXVariantGroup section */

/* Begin XCBuildConfiguration section */
		09656A8816B91E510066F99D /* Debug */ = {
			isa = XCBuildConfiguration;
			buildSettings = {
				ARCHS = "$(ARCHS_STANDARD_64_BIT)";
				CLANG_WARN_CONSTANT_CONVERSION = YES;
				CLANG_WARN_ENUM_CONVERSION = YES;
				CLANG_WARN_INT_CONVERSION = YES;
				COMBINE_HIDPI_IMAGES = YES;
				DEBUGGING_SYMBOLS = YES;
				GCC_ENABLE_OBJC_EXCEPTIONS = YES;
				GCC_GENERATE_DEBUGGING_SYMBOLS = YES;
				GCC_OPTIMIZATION_LEVEL = 0;
				GCC_WARN_64_TO_32_BIT_CONVERSION = YES;
				MACOSX_DEPLOYMENT_TARGET = 10.8;
				OTHER_CFLAGS = "";
				OTHER_LDFLAGS = "";
				PRODUCT_NAME = "$(TARGET_NAME)";
				SDKROOT = macosx;
			};
			name = Debug;
		};
		09656A8916B91E510066F99D /* Release */ = {
			isa = XCBuildConfiguration;
			buildSettings = {
				ARCHS = "$(ARCHS_STANDARD_64_BIT)";
				CLANG_WARN_CONSTANT_CONVERSION = YES;
				CLANG_WARN_ENUM_CONVERSION = YES;
				CLANG_WARN_INT_CONVERSION = YES;
				COMBINE_HIDPI_IMAGES = YES;
				DEBUG_INFORMATION_FORMAT = "dwarf-with-dsym";
				GCC_ENABLE_OBJC_EXCEPTIONS = YES;
				GCC_WARN_64_TO_32_BIT_CONVERSION = YES;
				MACOSX_DEPLOYMENT_TARGET = 10.8;
				OTHER_CFLAGS = "";
				OTHER_LDFLAGS = "";
				PRODUCT_NAME = "$(TARGET_NAME)";
				SDKROOT = macosx;
			};
			name = Release;
		};
		09D372FA1681BA4F00F80410 /* Debug */ = {
			isa = XCBuildConfiguration;
			buildSettings = {
				ALWAYS_SEARCH_USER_PATHS = NO;
				CLANG_CXX_LANGUAGE_STANDARD = "gnu++0x";
				CLANG_CXX_LIBRARY = "libc++";
				CLANG_ENABLE_OBJC_ARC = YES;
				CLANG_WARN_EMPTY_BODY = YES;
				CLANG_WARN__DUPLICATE_METHOD_MATCH = YES;
				"CODE_SIGN_IDENTITY[sdk=iphoneos*]" = "iPhone Developer";
				COPY_PHASE_STRIP = NO;
				GCC_C_LANGUAGE_STANDARD = gnu99;
				GCC_DYNAMIC_NO_PIC = NO;
				GCC_OPTIMIZATION_LEVEL = 0;
				GCC_PREPROCESSOR_DEFINITIONS = (
					"DEBUG=1",
					"$(inherited)",
				);
				GCC_SYMBOLS_PRIVATE_EXTERN = NO;
				GCC_WARN_ABOUT_RETURN_TYPE = YES;
				GCC_WARN_UNINITIALIZED_AUTOS = YES;
				GCC_WARN_UNUSED_VARIABLE = YES;
				IPHONEOS_DEPLOYMENT_TARGET = 6.0;
				ONLY_ACTIVE_ARCH = YES;
				SDKROOT = iphoneos;
			};
			name = Debug;
		};
		09D372FB1681BA4F00F80410 /* Release */ = {
			isa = XCBuildConfiguration;
			buildSettings = {
				ALWAYS_SEARCH_USER_PATHS = NO;
				CLANG_CXX_LANGUAGE_STANDARD = "gnu++0x";
				CLANG_CXX_LIBRARY = "libc++";
				CLANG_ENABLE_OBJC_ARC = YES;
				CLANG_WARN_EMPTY_BODY = YES;
				CLANG_WARN__DUPLICATE_METHOD_MATCH = YES;
				"CODE_SIGN_IDENTITY[sdk=iphoneos*]" = "iPhone Developer";
				COPY_PHASE_STRIP = YES;
				GCC_C_LANGUAGE_STANDARD = gnu99;
				GCC_WARN_ABOUT_RETURN_TYPE = YES;
				GCC_WARN_UNINITIALIZED_AUTOS = YES;
				GCC_WARN_UNUSED_VARIABLE = YES;
				IPHONEOS_DEPLOYMENT_TARGET = 6.0;
				OTHER_CFLAGS = "-DNS_BLOCK_ASSERTIONS=1";
				SDKROOT = iphoneos;
				VALIDATE_PRODUCT = YES;
			};
			name = Release;
		};
		09D372FD1681BA4F00F80410 /* Debug */ = {
			isa = XCBuildConfiguration;
			buildSettings = {
				GCC_PRECOMPILE_PREFIX_HEADER = YES;
				GCC_PREFIX_HEADER = "IrregularVerbs/IrregularVerbs-Prefix.pch";
				INFOPLIST_FILE = "IrregularVerbs/IrregularVerbs-Info.plist";
				IPHONEOS_DEPLOYMENT_TARGET = 6.0;
				PRODUCT_NAME = "$(TARGET_NAME)";
				WRAPPER_EXTENSION = app;
			};
			name = Debug;
		};
		09D372FE1681BA4F00F80410 /* Release */ = {
			isa = XCBuildConfiguration;
			buildSettings = {
				CODE_SIGN_IDENTITY = "iPhone Developer";
				GCC_PRECOMPILE_PREFIX_HEADER = YES;
				GCC_PREFIX_HEADER = "IrregularVerbs/IrregularVerbs-Prefix.pch";
				INFOPLIST_FILE = "IrregularVerbs/IrregularVerbs-Info.plist";
				IPHONEOS_DEPLOYMENT_TARGET = 6.0;
				PRODUCT_NAME = "$(TARGET_NAME)";
				PROVISIONING_PROFILE = "";
				WRAPPER_EXTENSION = app;
			};
			name = Release;
		};
/* End XCBuildConfiguration section */

/* Begin XCConfigurationList section */
		09656A8A16B91E520066F99D /* Build configuration list for PBXLegacyTarget "Image Script" */ = {
			isa = XCConfigurationList;
			buildConfigurations = (
				09656A8816B91E510066F99D /* Debug */,
				09656A8916B91E510066F99D /* Release */,
			);
			defaultConfigurationIsVisible = 0;
			defaultConfigurationName = Release;
		};
		09D372D21681BA4F00F80410 /* Build configuration list for PBXProject "IrregularVerbs" */ = {
			isa = XCConfigurationList;
			buildConfigurations = (
				09D372FA1681BA4F00F80410 /* Debug */,
				09D372FB1681BA4F00F80410 /* Release */,
			);
			defaultConfigurationIsVisible = 0;
			defaultConfigurationName = Release;
		};
		09D372FC1681BA4F00F80410 /* Build configuration list for PBXNativeTarget "A list of verbs" */ = {
			isa = XCConfigurationList;
			buildConfigurations = (
				09D372FD1681BA4F00F80410 /* Debug */,
				09D372FE1681BA4F00F80410 /* Release */,
			);
			defaultConfigurationIsVisible = 0;
			defaultConfigurationName = Release;
		};
/* End XCConfigurationList section */
	};
	rootObject = 09D372CF1681BA4F00F80410 /* Project object */;
}
