// !$*UTF8*$!
{
	archiveVersion = 1;
	classes = {
	};
	objectVersion = 46;
	objects = {

/* Begin PBXBuildFile section */
		090F8B3A16A7E253002131E1 /* HistoryDataCell.m in Sources */ = {isa = PBXBuildFile; fileRef = 090F8B3916A7E253002131E1 /* HistoryDataCell.m */; };
		090F8B3D16A7E26B002131E1 /* HistoryDataCell.xib in Resources */ = {isa = PBXBuildFile; fileRef = 090F8B3C16A7E26B002131E1 /* HistoryDataCell.xib */; };
		090F8B4116A7E52B002131E1 /* HistoryViewController.m in Sources */ = {isa = PBXBuildFile; fileRef = 090F8B3F16A7E52B002131E1 /* HistoryViewController.m */; };
		090F8B4216A7E52B002131E1 /* HistoryViewController.xib in Resources */ = {isa = PBXBuildFile; fileRef = 090F8B4016A7E52B002131E1 /* HistoryViewController.xib */; };
		0917BF6F16AEC1A2009221EF /* check_ok_grey@2x.png in Resources */ = {isa = PBXBuildFile; fileRef = 0917BF6216AEC187009221EF /* check_ok_grey@2x.png */; };
		0917BF7016AEC1A2009221EF /* check_ok_grey.png in Resources */ = {isa = PBXBuildFile; fileRef = 0917BF6316AEC187009221EF /* check_ok_grey.png */; };
		0917BF7116AEC1A2009221EF /* check_ok_green@2x.png in Resources */ = {isa = PBXBuildFile; fileRef = 0917BF6416AEC188009221EF /* check_ok_green@2x.png */; };
		0917BF7216AEC1A2009221EF /* check_ok_green.png in Resources */ = {isa = PBXBuildFile; fileRef = 0917BF6516AEC189009221EF /* check_ok_green.png */; };
		0917BF7316AEC1A2009221EF /* check_ok_dark_grey@2x.png in Resources */ = {isa = PBXBuildFile; fileRef = 0917BF6616AEC18A009221EF /* check_ok_dark_grey@2x.png */; };
		0917BF7416AEC1A2009221EF /* check_ok_dark_grey.png in Resources */ = {isa = PBXBuildFile; fileRef = 0917BF6716AEC18C009221EF /* check_ok_dark_grey.png */; };
		0917BF7816AEC1A2009221EF /* check_nok_grey@2x.png in Resources */ = {isa = PBXBuildFile; fileRef = 0917BF6B16AEC195009221EF /* check_nok_grey@2x.png */; };
		0917BF7916AEC1A2009221EF /* check_nok_grey.png in Resources */ = {isa = PBXBuildFile; fileRef = 0917BF6C16AEC199009221EF /* check_nok_grey.png */; };
		0917BF7A16AEC1A2009221EF /* check_nok_dark_grey@2x.png in Resources */ = {isa = PBXBuildFile; fileRef = 0917BF6D16AEC19C009221EF /* check_nok_dark_grey@2x.png */; };
		0917BF7B16AEC1A2009221EF /* check_nok_dark_grey.png in Resources */ = {isa = PBXBuildFile; fileRef = 0917BF6E16AEC19F009221EF /* check_nok_dark_grey.png */; };
		091C61F516A018EF00F3606A /* CardsTableViewController.m in Sources */ = {isa = PBXBuildFile; fileRef = 091C61F316A018EF00F3606A /* CardsTableViewController.m */; };
		091C61F616A018EF00F3606A /* CardsTableViewController.xib in Resources */ = {isa = PBXBuildFile; fileRef = 091C61F416A018EF00F3606A /* CardsTableViewController.xib */; };
		092960F616B5DD37006954BE /* TestTypeButton.m in Sources */ = {isa = PBXBuildFile; fileRef = 092960F516B5DD37006954BE /* TestTypeButton.m */; };
		0929AB6A16B3EB6C006C5F7C /* HomeViewbg-568h@2x.png in Resources */ = {isa = PBXBuildFile; fileRef = 0929AB6916B3EB6C006C5F7C /* HomeViewbg-568h@2x.png */; };
		092CDCA8168D8D8D0092FD32 /* Defaults.plist in Resources */ = {isa = PBXBuildFile; fileRef = 092CDCA7168D8D8C0092FD32 /* Defaults.plist */; };
		092CE66516B3CA260008A741 /* signikaregular.ttf in Resources */ = {isa = PBXBuildFile; fileRef = 092CE66416B3CA260008A741 /* signikaregular.ttf */; };
		092CE66716B3CDBE0008A741 /* signikabold.ttf in Resources */ = {isa = PBXBuildFile; fileRef = 092CE66616B3CDBE0008A741 /* signikabold.ttf */; };
		092CE66916B3CE210008A741 /* signikalight.ttf in Resources */ = {isa = PBXBuildFile; fileRef = 092CE66816B3CDCF0008A741 /* signikalight.ttf */; };
		09391F9316B4844B004102F9 /* whiteButton.png in Resources */ = {isa = PBXBuildFile; fileRef = 09391F9116B4844B004102F9 /* whiteButton.png */; };
		09391F9416B4844B004102F9 /* whiteButton@2x.png in Resources */ = {isa = PBXBuildFile; fileRef = 09391F9216B4844B004102F9 /* whiteButton@2x.png */; };
		0958A9C116B5D5770014621E /* iconAprender.png in Resources */ = {isa = PBXBuildFile; fileRef = 0958A9BF16B5D5770014621E /* iconAprender.png */; };
		0958A9C216B5D5770014621E /* iconAprender@2x.png in Resources */ = {isa = PBXBuildFile; fileRef = 0958A9C016B5D5770014621E /* iconAprender@2x.png */; };
		0958A9C516B5D5B30014621E /* homeButton.png in Resources */ = {isa = PBXBuildFile; fileRef = 0958A9C316B5D5B30014621E /* homeButton.png */; };
		0958A9C616B5D5B30014621E /* homeButton@2x.png in Resources */ = {isa = PBXBuildFile; fileRef = 0958A9C416B5D5B30014621E /* homeButton@2x.png */; };
		0958A9CD16B5D60B0014621E /* iconAjustes.png in Resources */ = {isa = PBXBuildFile; fileRef = 0958A9C716B5D60B0014621E /* iconAjustes.png */; };
		0958A9CE16B5D60B0014621E /* iconAjustes@2x.png in Resources */ = {isa = PBXBuildFile; fileRef = 0958A9C816B5D60B0014621E /* iconAjustes@2x.png */; };
		0958A9CF16B5D60B0014621E /* iconEvaluar.png in Resources */ = {isa = PBXBuildFile; fileRef = 0958A9C916B5D60B0014621E /* iconEvaluar.png */; };
		0958A9D016B5D60B0014621E /* iconEvaluar@2x.png in Resources */ = {isa = PBXBuildFile; fileRef = 0958A9CA16B5D60B0014621E /* iconEvaluar@2x.png */; };
		0958A9D116B5D60B0014621E /* iconHistorial.png in Resources */ = {isa = PBXBuildFile; fileRef = 0958A9CB16B5D60B0014621E /* iconHistorial.png */; };
		0958A9D216B5D60B0014621E /* iconHistorial@2x.png in Resources */ = {isa = PBXBuildFile; fileRef = 0958A9CC16B5D60B0014621E /* iconHistorial@2x.png */; };
		095BC75C16AEEEF00020ADCF /* check_nok_red@2x.png in Resources */ = {isa = PBXBuildFile; fileRef = 095BC75A16AEEEEF0020ADCF /* check_nok_red@2x.png */; };
		095BC75D16AEEEF00020ADCF /* check_nok_red.png in Resources */ = {isa = PBXBuildFile; fileRef = 095BC75B16AEEEEF0020ADCF /* check_nok_red.png */; };
		096B5A6516B3C5DB0024CBC3 /* whiteButtonHighlight.png in Resources */ = {isa = PBXBuildFile; fileRef = 096B5A6116B3C5DB0024CBC3 /* whiteButtonHighlight.png */; };
		096B5A6616B3C5DB0024CBC3 /* whiteButtonHighlight@2x.png in Resources */ = {isa = PBXBuildFile; fileRef = 096B5A6216B3C5DB0024CBC3 /* whiteButtonHighlight@2x.png */; };
		0973D9F216AD2C4500A8E30A /* Localizable.strings in Resources */ = {isa = PBXBuildFile; fileRef = 0973D9F416AD2C4500A8E30A /* Localizable.strings */; };
		0973D9FE16AD4DBE00A8E30A /* ASDepthModalViewController.m in Sources */ = {isa = PBXBuildFile; fileRef = 0973D9FD16AD4DBE00A8E30A /* ASDepthModalViewController.m */; };
		0973DA0E16ADB9F700A8E30A /* HomeViewController.m in Sources */ = {isa = PBXBuildFile; fileRef = 0973DA0C16ADB9F700A8E30A /* HomeViewController.m */; };
		0973DA0F16ADB9F700A8E30A /* HomeViewController.xib in Resources */ = {isa = PBXBuildFile; fileRef = 0973DA0D16ADB9F700A8E30A /* HomeViewController.xib */; };
		098072E016B6C4E3008A43A9 /* sectorImage2@2x.png in Resources */ = {isa = PBXBuildFile; fileRef = 098072DF16B6C4E3008A43A9 /* sectorImage2@2x.png */; };
		098072E416B6CEC1008A43A9 /* white-circular-bg1.png in Resources */ = {isa = PBXBuildFile; fileRef = 098072E216B6CEC1008A43A9 /* white-circular-bg1.png */; };
		098072E516B6CEC1008A43A9 /* white-circular-bg1@2x.png in Resources */ = {isa = PBXBuildFile; fileRef = 098072E316B6CEC1008A43A9 /* white-circular-bg1@2x.png */; };
		0980731B16B6E123008A43A9 /* sectorImage0@2x.png in Resources */ = {isa = PBXBuildFile; fileRef = 0980731916B6E123008A43A9 /* sectorImage0@2x.png */; };
		0980731C16B6E123008A43A9 /* sectorImage1@2x.png in Resources */ = {isa = PBXBuildFile; fileRef = 0980731A16B6E123008A43A9 /* sectorImage1@2x.png */; };
		0980732016B6E180008A43A9 /* sectorImage0.png in Resources */ = {isa = PBXBuildFile; fileRef = 0980731D16B6E17F008A43A9 /* sectorImage0.png */; };
		0980732116B6E180008A43A9 /* sectorImage1.png in Resources */ = {isa = PBXBuildFile; fileRef = 0980731E16B6E180008A43A9 /* sectorImage1.png */; };
		0980732216B6E180008A43A9 /* sectorImage2.png in Resources */ = {isa = PBXBuildFile; fileRef = 0980731F16B6E180008A43A9 /* sectorImage2.png */; };
		098297EF16B6641A0091A192 /* info.png in Resources */ = {isa = PBXBuildFile; fileRef = 098297ED16B6641A0091A192 /* info.png */; };
		098297F016B6641A0091A192 /* info@2x.png in Resources */ = {isa = PBXBuildFile; fileRef = 098297EE16B6641A0091A192 /* info@2x.png */; };
		0984867516B6A6F300CE22C9 /* LevelDialSelectorControl.m in Sources */ = {isa = PBXBuildFile; fileRef = 0984867416B6A6F300CE22C9 /* LevelDialSelectorControl.m */; };
		0984867C16B6B3BA00CE22C9 /* SectorDial.m in Sources */ = {isa = PBXBuildFile; fileRef = 0984867B16B6B3BA00CE22C9 /* SectorDial.m */; };
		0993D38416B7FAE5003B3206 /* ImgIndependentHelper.m in Sources */ = {isa = PBXBuildFile; fileRef = 0993D38316B7FAE5003B3206 /* ImgIndependentHelper.m */; };
		099AF69116834580001A6BF3 /* PreferencesViewController.m in Sources */ = {isa = PBXBuildFile; fileRef = 099AF69016834580001A6BF3 /* PreferencesViewController.m */; };
		09CB352216AEDECC00995380 /* AVFoundation.framework in Frameworks */ = {isa = PBXBuildFile; fileRef = 09CB352116AEDECC00995380 /* AVFoundation.framework */; };
		09D372DD1681BA4F00F80410 /* UIKit.framework in Frameworks */ = {isa = PBXBuildFile; fileRef = 09D372DC1681BA4F00F80410 /* UIKit.framework */; };
		09D372DF1681BA4F00F80410 /* Foundation.framework in Frameworks */ = {isa = PBXBuildFile; fileRef = 09D372DE1681BA4F00F80410 /* Foundation.framework */; };
		09D372E11681BA4F00F80410 /* CoreGraphics.framework in Frameworks */ = {isa = PBXBuildFile; fileRef = 09D372E01681BA4F00F80410 /* CoreGraphics.framework */; };
		09D372E71681BA4F00F80410 /* InfoPlist.strings in Resources */ = {isa = PBXBuildFile; fileRef = 09D372E51681BA4F00F80410 /* InfoPlist.strings */; };
		09D372E91681BA4F00F80410 /* main.m in Sources */ = {isa = PBXBuildFile; fileRef = 09D372E81681BA4F00F80410 /* main.m */; };
		09D372ED1681BA4F00F80410 /* AppDelegate.m in Sources */ = {isa = PBXBuildFile; fileRef = 09D372EC1681BA4F00F80410 /* AppDelegate.m */; };
		09D372F31681BA4F00F80410 /* Default-568h@2x.png in Resources */ = {isa = PBXBuildFile; fileRef = 09D372F21681BA4F00F80410 /* Default-568h@2x.png */; };
		09F7933D16A6C6490067EE3C /* HomeViewbg.png in Resources */ = {isa = PBXBuildFile; fileRef = 09F7933B16A6C6490067EE3C /* HomeViewbg.png */; };
		09F7933E16A6C6490067EE3C /* HomeViewbg@2x.png in Resources */ = {isa = PBXBuildFile; fileRef = 09F7933C16A6C6490067EE3C /* HomeViewbg@2x.png */; };
		E513C11E16A93D0F00467B5C /* UIColor+Saturation.m in Sources */ = {isa = PBXBuildFile; fileRef = E513C11D16A93D0F00467B5C /* UIColor+Saturation.m */; };
		E53DBB57169C05DE0080276A /* book_bookmark_24.png in Resources */ = {isa = PBXBuildFile; fileRef = E53DBB56169C05DE0080276A /* book_bookmark_24.png */; };
		E53DBB59169C05F00080276A /* chart_bar_24.png in Resources */ = {isa = PBXBuildFile; fileRef = E53DBB58169C05F00080276A /* chart_bar_24.png */; };
		E53DBB5B169C05FF0080276A /* clock_24.png in Resources */ = {isa = PBXBuildFile; fileRef = E53DBB5A169C05FF0080276A /* clock_24.png */; };
		E53DBB5D169C0E550080276A /* checkmark_64.png in Resources */ = {isa = PBXBuildFile; fileRef = E53DBB5C169C0E550080276A /* checkmark_64.png */; };
		E53DBB5F169C0E670080276A /* delete_64.png in Resources */ = {isa = PBXBuildFile; fileRef = E53DBB5E169C0E670080276A /* delete_64.png */; };
		E53DC4F016ABF9CB004CF825 /* HintsTableDelegate.m in Sources */ = {isa = PBXBuildFile; fileRef = E53DC4EF16ABF9CB004CF825 /* HintsTableDelegate.m */; };
		E53DC4F416AC4EE3004CF825 /* UILabel+FrameExpand.m in Sources */ = {isa = PBXBuildFile; fileRef = E53DC4F316AC4EE3004CF825 /* UILabel+FrameExpand.m */; };
		E53DC4F716AC56B5004CF825 /* HintsCell.m in Sources */ = {isa = PBXBuildFile; fileRef = E53DC4F616AC56B5004CF825 /* HintsCell.m */; };
		E53DC4F916AC56C6004CF825 /* HintsCell.xib in Resources */ = {isa = PBXBuildFile; fileRef = E53DC4F816AC56C6004CF825 /* HintsCell.xib */; };
		E53DC50216AC7D5B004CF825 /* verbs.plist in Resources */ = {isa = PBXBuildFile; fileRef = E53DC50116AC7D5B004CF825 /* verbs.plist */; };
		E54DD52416B1517A00271679 /* Default.png in Resources */ = {isa = PBXBuildFile; fileRef = E54DD52216B1517A00271679 /* Default.png */; };
		E54DD52516B1517A00271679 /* Default@2x.png in Resources */ = {isa = PBXBuildFile; fileRef = E54DD52316B1517A00271679 /* Default@2x.png */; };
		E550A5CF169CC80B00DCA8D6 /* ColorMapView.m in Sources */ = {isa = PBXBuildFile; fileRef = E550A5CE169CC80B00DCA8D6 /* ColorMapView.m */; };
		E550A5D3169CC83800DCA8D6 /* NSArray+Shuffling.m in Sources */ = {isa = PBXBuildFile; fileRef = E550A5D2169CC83800DCA8D6 /* NSArray+Shuffling.m */; };
		E550A5D6169CC85700DCA8D6 /* TestProgressView.m in Sources */ = {isa = PBXBuildFile; fileRef = E550A5D5169CC85700DCA8D6 /* TestProgressView.m */; };
		E550A5D9169CC87300DCA8D6 /* icon57.png in Resources */ = {isa = PBXBuildFile; fileRef = E550A5D7169CC87300DCA8D6 /* icon57.png */; };
		E550A5DA169CC87300DCA8D6 /* icon114.png in Resources */ = {isa = PBXBuildFile; fileRef = E550A5D8169CC87300DCA8D6 /* icon114.png */; };
		E550A5DC169CC88600DCA8D6 /* media-shuffle.png in Resources */ = {isa = PBXBuildFile; fileRef = E550A5DB169CC88600DCA8D6 /* media-shuffle.png */; };
		E570094616939C7300219C24 /* QuartzCore.framework in Frameworks */ = {isa = PBXBuildFile; fileRef = E570094516939C7300219C24 /* QuartzCore.framework */; };
		E57BA4DD16AA1FB0004AFF04 /* hints.plist in Resources */ = {isa = PBXBuildFile; fileRef = E57BA4DC16AA1FB0004AFF04 /* hints.plist */; };
		E58AC2D616B66D570062D525 /* TestSelectorViewController.xib in Resources */ = {isa = PBXBuildFile; fileRef = E58AC2D516B66D570062D525 /* TestSelectorViewController.xib */; };
		E59D12F91695BAEC00C8DE51 /* VerbsStore.m in Sources */ = {isa = PBXBuildFile; fileRef = E59D12F81695BAEC00C8DE51 /* VerbsStore.m */; };
		E5B3CEB816B0123600CDD6C5 /* pencil_24.png in Resources */ = {isa = PBXBuildFile; fileRef = E5B3CEB716B0123600CDD6C5 /* pencil_24.png */; };
		E5B3CEBB16B0127900CDD6C5 /* pencil_24@2x.png in Resources */ = {isa = PBXBuildFile; fileRef = E5B3CEBA16B0127900CDD6C5 /* pencil_24@2x.png */; };
		E5C2CA2E169C5F6600BEE2ED /* Referee.m in Sources */ = {isa = PBXBuildFile; fileRef = E5C2CA2D169C5F6600BEE2ED /* Referee.m */; };
		E5C2CA32169C6A0C00BEE2ED /* Verb.m in Sources */ = {isa = PBXBuildFile; fileRef = E5C2CA31169C6A0C00BEE2ED /* Verb.m */; };
		E5C70A45169F2D6200E09847 /* calendar_24.png in Resources */ = {isa = PBXBuildFile; fileRef = E5C70A44169F2D6200E09847 /* calendar_24.png */; };
		E5CAFA1D16A7290E0015B16E /* TestCardsStackViewController.m in Sources */ = {isa = PBXBuildFile; fileRef = E5CAFA1C16A7290E0015B16E /* TestCardsStackViewController.m */; };
		E5CAFA2016A72EC00015B16E /* PreferencesViewController.xib in Resources */ = {isa = PBXBuildFile; fileRef = E5CAFA1F16A72EC00015B16E /* PreferencesViewController.xib */; };
		E5DB039416A7E47900EE1E80 /* TSCVerbCell.m in Sources */ = {isa = PBXBuildFile; fileRef = E5DB039316A7E47900EE1E80 /* TSCVerbCell.m */; };
		E5DB039716A7E4C700EE1E80 /* TestScoreCardViewController.m in Sources */ = {isa = PBXBuildFile; fileRef = E5DB039616A7E4C700EE1E80 /* TestScoreCardViewController.m */; };
		E5DB039916A7E55700EE1E80 /* TSCVerbCell.xib in Resources */ = {isa = PBXBuildFile; fileRef = E5DB039816A7E55700EE1E80 /* TSCVerbCell.xib */; };
		E5DB039B16A7EBFB00EE1E80 /* TSCSummaryCell.xib in Resources */ = {isa = PBXBuildFile; fileRef = E5DB039A16A7EBFA00EE1E80 /* TSCSummaryCell.xib */; };
		E5DB039E16A7EDCE00EE1E80 /* TSCSummaryCell.m in Sources */ = {isa = PBXBuildFile; fileRef = E5DB039D16A7EDCE00EE1E80 /* TSCSummaryCell.m */; };
		E5DB03A516A7EEAC00EE1E80 /* PassFailGraphView.m in Sources */ = {isa = PBXBuildFile; fileRef = E5DB03A416A7EEAC00EE1E80 /* PassFailGraphView.m */; };
		E5DEC60A169F70C60006AE38 /* gear_24.png in Resources */ = {isa = PBXBuildFile; fileRef = E5DEC609169F70C60006AE38 /* gear_24.png */; };
		E5E05A8F16A6BE2400CEB889 /* TestSelectorViewController.m in Sources */ = {isa = PBXBuildFile; fileRef = E5E05A8E16A6BE2400CEB889 /* TestSelectorViewController.m */; };
		E5E05B9716B2E98100F33CEC /* TestCase.m in Sources */ = {isa = PBXBuildFile; fileRef = E5E05B9616B2E98100F33CEC /* TestCase.m */; };
		E5F428CD16B0A86B00058D72 /* greyButtonSpacer.png in Resources */ = {isa = PBXBuildFile; fileRef = E5F428CB16B0A86700058D72 /* greyButtonSpacer.png */; };
		E5F428CE16B0A86B00058D72 /* greyButtonSpacer@2x.png in Resources */ = {isa = PBXBuildFile; fileRef = E5F428CC16B0A86900058D72 /* greyButtonSpacer@2x.png */; };
		E5F49E2016A5C89C0078EC5D /* TestCardViewController.m in Sources */ = {isa = PBXBuildFile; fileRef = E5F49E1E16A5C89C0078EC5D /* TestCardViewController.m */; };
		E5F49E2116A5C89C0078EC5D /* TestCardViewController.xib in Resources */ = {isa = PBXBuildFile; fileRef = E5F49E1F16A5C89C0078EC5D /* TestCardViewController.xib */; };
/* End PBXBuildFile section */

/* Begin PBXContainerItemProxy section */
		09656A8D16B91EEA0066F99D /* PBXContainerItemProxy */ = {
			isa = PBXContainerItemProxy;
			containerPortal = 09D372CF1681BA4F00F80410 /* Project object */;
			proxyType = 1;
			remoteGlobalIDString = 09656A8716B91E510066F99D;
			remoteInfo = "Image Script";
		};
/* End PBXContainerItemProxy section */

/* Begin PBXFileReference section */
		090F8B3816A7E253002131E1 /* HistoryDataCell.h */ = {isa = PBXFileReference; fileEncoding = 4; lastKnownFileType = sourcecode.c.h; path = HistoryDataCell.h; sourceTree = "<group>"; };
		090F8B3916A7E253002131E1 /* HistoryDataCell.m */ = {isa = PBXFileReference; fileEncoding = 4; lastKnownFileType = sourcecode.c.objc; path = HistoryDataCell.m; sourceTree = "<group>"; };
		090F8B3C16A7E26B002131E1 /* HistoryDataCell.xib */ = {isa = PBXFileReference; fileEncoding = 4; lastKnownFileType = file.xib; path = HistoryDataCell.xib; sourceTree = "<group>"; };
		090F8B3E16A7E52A002131E1 /* HistoryViewController.h */ = {isa = PBXFileReference; fileEncoding = 4; lastKnownFileType = sourcecode.c.h; path = HistoryViewController.h; sourceTree = "<group>"; };
		090F8B3F16A7E52B002131E1 /* HistoryViewController.m */ = {isa = PBXFileReference; fileEncoding = 4; lastKnownFileType = sourcecode.c.objc; path = HistoryViewController.m; sourceTree = "<group>"; };
		090F8B4016A7E52B002131E1 /* HistoryViewController.xib */ = {isa = PBXFileReference; fileEncoding = 4; lastKnownFileType = file.xib; path = HistoryViewController.xib; sourceTree = "<group>"; };
		0917BF6216AEC187009221EF /* check_ok_grey@2x.png */ = {isa = PBXFileReference; lastKnownFileType = image.png; path = "check_ok_grey@2x.png"; sourceTree = "<group>"; };
		0917BF6316AEC187009221EF /* check_ok_grey.png */ = {isa = PBXFileReference; lastKnownFileType = image.png; path = check_ok_grey.png; sourceTree = "<group>"; };
		0917BF6416AEC188009221EF /* check_ok_green@2x.png */ = {isa = PBXFileReference; lastKnownFileType = image.png; path = "check_ok_green@2x.png"; sourceTree = "<group>"; };
		0917BF6516AEC189009221EF /* check_ok_green.png */ = {isa = PBXFileReference; lastKnownFileType = image.png; path = check_ok_green.png; sourceTree = "<group>"; };
		0917BF6616AEC18A009221EF /* check_ok_dark_grey@2x.png */ = {isa = PBXFileReference; lastKnownFileType = image.png; path = "check_ok_dark_grey@2x.png"; sourceTree = "<group>"; };
		0917BF6716AEC18C009221EF /* check_ok_dark_grey.png */ = {isa = PBXFileReference; lastKnownFileType = image.png; path = check_ok_dark_grey.png; sourceTree = "<group>"; };
		0917BF6B16AEC195009221EF /* check_nok_grey@2x.png */ = {isa = PBXFileReference; lastKnownFileType = image.png; path = "check_nok_grey@2x.png"; sourceTree = "<group>"; };
		0917BF6C16AEC199009221EF /* check_nok_grey.png */ = {isa = PBXFileReference; lastKnownFileType = image.png; path = check_nok_grey.png; sourceTree = "<group>"; };
		0917BF6D16AEC19C009221EF /* check_nok_dark_grey@2x.png */ = {isa = PBXFileReference; lastKnownFileType = image.png; path = "check_nok_dark_grey@2x.png"; sourceTree = "<group>"; };
		0917BF6E16AEC19F009221EF /* check_nok_dark_grey.png */ = {isa = PBXFileReference; lastKnownFileType = image.png; path = check_nok_dark_grey.png; sourceTree = "<group>"; };
		091C61F216A018EF00F3606A /* CardsTableViewController.h */ = {isa = PBXFileReference; fileEncoding = 4; lastKnownFileType = sourcecode.c.h; path = CardsTableViewController.h; sourceTree = "<group>"; };
		091C61F316A018EF00F3606A /* CardsTableViewController.m */ = {isa = PBXFileReference; fileEncoding = 4; lastKnownFileType = sourcecode.c.objc; path = CardsTableViewController.m; sourceTree = "<group>"; };
		091C61F416A018EF00F3606A /* CardsTableViewController.xib */ = {isa = PBXFileReference; fileEncoding = 4; lastKnownFileType = file.xib; path = CardsTableViewController.xib; sourceTree = "<group>"; };
		092960F416B5DD37006954BE /* TestTypeButton.h */ = {isa = PBXFileReference; fileEncoding = 4; lastKnownFileType = sourcecode.c.h; path = TestTypeButton.h; sourceTree = "<group>"; };
		092960F516B5DD37006954BE /* TestTypeButton.m */ = {isa = PBXFileReference; fileEncoding = 4; lastKnownFileType = sourcecode.c.objc; path = TestTypeButton.m; sourceTree = "<group>"; };
		0929AB6916B3EB6C006C5F7C /* HomeViewbg-568h@2x.png */ = {isa = PBXFileReference; lastKnownFileType = image.png; path = "HomeViewbg-568h@2x.png"; sourceTree = "<group>"; };
		092CDCA7168D8D8C0092FD32 /* Defaults.plist */ = {isa = PBXFileReference; fileEncoding = 4; lastKnownFileType = text.plist.xml; path = Defaults.plist; sourceTree = "<group>"; };
		092CE66416B3CA260008A741 /* signikaregular.ttf */ = {isa = PBXFileReference; lastKnownFileType = file; path = signikaregular.ttf; sourceTree = "<group>"; };
		092CE66616B3CDBE0008A741 /* signikabold.ttf */ = {isa = PBXFileReference; lastKnownFileType = file; path = signikabold.ttf; sourceTree = "<group>"; };
		092CE66816B3CDCF0008A741 /* signikalight.ttf */ = {isa = PBXFileReference; lastKnownFileType = file; path = signikalight.ttf; sourceTree = "<group>"; };
		09391F9116B4844B004102F9 /* whiteButton.png */ = {isa = PBXFileReference; lastKnownFileType = image.png; path = whiteButton.png; sourceTree = "<group>"; };
		09391F9216B4844B004102F9 /* whiteButton@2x.png */ = {isa = PBXFileReference; lastKnownFileType = image.png; path = "whiteButton@2x.png"; sourceTree = "<group>"; };
		0958A9BF16B5D5770014621E /* iconAprender.png */ = {isa = PBXFileReference; lastKnownFileType = image.png; path = iconAprender.png; sourceTree = "<group>"; };
		0958A9C016B5D5770014621E /* iconAprender@2x.png */ = {isa = PBXFileReference; lastKnownFileType = image.png; path = "iconAprender@2x.png"; sourceTree = "<group>"; };
		0958A9C316B5D5B30014621E /* homeButton.png */ = {isa = PBXFileReference; lastKnownFileType = image.png; path = homeButton.png; sourceTree = "<group>"; };
		0958A9C416B5D5B30014621E /* homeButton@2x.png */ = {isa = PBXFileReference; lastKnownFileType = image.png; path = "homeButton@2x.png"; sourceTree = "<group>"; };
		0958A9C716B5D60B0014621E /* iconAjustes.png */ = {isa = PBXFileReference; lastKnownFileType = image.png; path = iconAjustes.png; sourceTree = "<group>"; };
		0958A9C816B5D60B0014621E /* iconAjustes@2x.png */ = {isa = PBXFileReference; lastKnownFileType = image.png; path = "iconAjustes@2x.png"; sourceTree = "<group>"; };
		0958A9C916B5D60B0014621E /* iconEvaluar.png */ = {isa = PBXFileReference; lastKnownFileType = image.png; path = iconEvaluar.png; sourceTree = "<group>"; };
		0958A9CA16B5D60B0014621E /* iconEvaluar@2x.png */ = {isa = PBXFileReference; lastKnownFileType = image.png; path = "iconEvaluar@2x.png"; sourceTree = "<group>"; };
		0958A9CB16B5D60B0014621E /* iconHistorial.png */ = {isa = PBXFileReference; lastKnownFileType = image.png; path = iconHistorial.png; sourceTree = "<group>"; };
		0958A9CC16B5D60B0014621E /* iconHistorial@2x.png */ = {isa = PBXFileReference; lastKnownFileType = image.png; path = "iconHistorial@2x.png"; sourceTree = "<group>"; };
		095BC75A16AEEEEF0020ADCF /* check_nok_red@2x.png */ = {isa = PBXFileReference; lastKnownFileType = image.png; path = "check_nok_red@2x.png"; sourceTree = "<group>"; };
		095BC75B16AEEEEF0020ADCF /* check_nok_red.png */ = {isa = PBXFileReference; lastKnownFileType = image.png; path = check_nok_red.png; sourceTree = "<group>"; };
		096B5A6116B3C5DB0024CBC3 /* whiteButtonHighlight.png */ = {isa = PBXFileReference; lastKnownFileType = image.png; path = whiteButtonHighlight.png; sourceTree = "<group>"; };
		096B5A6216B3C5DB0024CBC3 /* whiteButtonHighlight@2x.png */ = {isa = PBXFileReference; lastKnownFileType = image.png; path = "whiteButtonHighlight@2x.png"; sourceTree = "<group>"; };
		0973D9F316AD2C4500A8E30A /* en */ = {isa = PBXFileReference; lastKnownFileType = text.plist.strings; name = en; path = en.lproj/Localizable.strings; sourceTree = "<group>"; };
		0973D9F516AD2C5000A8E30A /* es */ = {isa = PBXFileReference; lastKnownFileType = text.plist.strings; name = es; path = es.lproj/Localizable.strings; sourceTree = "<group>"; };
		0973D9FC16AD4DBE00A8E30A /* ASDepthModalViewController.h */ = {isa = PBXFileReference; fileEncoding = 4; lastKnownFileType = sourcecode.c.h; path = ASDepthModalViewController.h; sourceTree = "<group>"; };
		0973D9FD16AD4DBE00A8E30A /* ASDepthModalViewController.m */ = {isa = PBXFileReference; fileEncoding = 4; lastKnownFileType = sourcecode.c.objc; path = ASDepthModalViewController.m; sourceTree = "<group>"; };
		0973DA0B16ADB9F700A8E30A /* HomeViewController.h */ = {isa = PBXFileReference; fileEncoding = 4; lastKnownFileType = sourcecode.c.h; path = HomeViewController.h; sourceTree = "<group>"; };
		0973DA0C16ADB9F700A8E30A /* HomeViewController.m */ = {isa = PBXFileReference; fileEncoding = 4; lastKnownFileType = sourcecode.c.objc; path = HomeViewController.m; sourceTree = "<group>"; };
		0973DA0D16ADB9F700A8E30A /* HomeViewController.xib */ = {isa = PBXFileReference; fileEncoding = 4; lastKnownFileType = file.xib; path = HomeViewController.xib; sourceTree = "<group>"; };
		098072DF16B6C4E3008A43A9 /* sectorImage2@2x.png */ = {isa = PBXFileReference; lastKnownFileType = image.png; path = "sectorImage2@2x.png"; sourceTree = "<group>"; };
		098072E216B6CEC1008A43A9 /* white-circular-bg1.png */ = {isa = PBXFileReference; lastKnownFileType = image.png; path = "white-circular-bg1.png"; sourceTree = "<group>"; };
		098072E316B6CEC1008A43A9 /* white-circular-bg1@2x.png */ = {isa = PBXFileReference; lastKnownFileType = image.png; path = "white-circular-bg1@2x.png"; sourceTree = "<group>"; };
		0980731916B6E123008A43A9 /* sectorImage0@2x.png */ = {isa = PBXFileReference; lastKnownFileType = image.png; path = "sectorImage0@2x.png"; sourceTree = "<group>"; };
		0980731A16B6E123008A43A9 /* sectorImage1@2x.png */ = {isa = PBXFileReference; lastKnownFileType = image.png; path = "sectorImage1@2x.png"; sourceTree = "<group>"; };
		0980731D16B6E17F008A43A9 /* sectorImage0.png */ = {isa = PBXFileReference; lastKnownFileType = image.png; path = sectorImage0.png; sourceTree = "<group>"; };
		0980731E16B6E180008A43A9 /* sectorImage1.png */ = {isa = PBXFileReference; lastKnownFileType = image.png; path = sectorImage1.png; sourceTree = "<group>"; };
		0980731F16B6E180008A43A9 /* sectorImage2.png */ = {isa = PBXFileReference; lastKnownFileType = image.png; path = sectorImage2.png; sourceTree = "<group>"; };
		098297ED16B6641A0091A192 /* info.png */ = {isa = PBXFileReference; lastKnownFileType = image.png; path = info.png; sourceTree = "<group>"; };
		098297EE16B6641A0091A192 /* info@2x.png */ = {isa = PBXFileReference; lastKnownFileType = image.png; path = "info@2x.png"; sourceTree = "<group>"; };
		0984867316B6A6F300CE22C9 /* LevelDialSelectorControl.h */ = {isa = PBXFileReference; fileEncoding = 4; lastKnownFileType = sourcecode.c.h; path = LevelDialSelectorControl.h; sourceTree = "<group>"; };
		0984867416B6A6F300CE22C9 /* LevelDialSelectorControl.m */ = {isa = PBXFileReference; fileEncoding = 4; lastKnownFileType = sourcecode.c.objc; path = LevelDialSelectorControl.m; sourceTree = "<group>"; };
		0984867A16B6B3BA00CE22C9 /* SectorDial.h */ = {isa = PBXFileReference; fileEncoding = 4; lastKnownFileType = sourcecode.c.h; path = SectorDial.h; sourceTree = "<group>"; };
		0984867B16B6B3BA00CE22C9 /* SectorDial.m */ = {isa = PBXFileReference; fileEncoding = 4; lastKnownFileType = sourcecode.c.objc; path = SectorDial.m; sourceTree = "<group>"; };
		0993D38216B7FAE5003B3206 /* ImgIndependentHelper.h */ = {isa = PBXFileReference; fileEncoding = 4; lastKnownFileType = sourcecode.c.h; path = ImgIndependentHelper.h; sourceTree = "<group>"; };
		0993D38316B7FAE5003B3206 /* ImgIndependentHelper.m */ = {isa = PBXFileReference; fileEncoding = 4; lastKnownFileType = sourcecode.c.objc; path = ImgIndependentHelper.m; sourceTree = "<group>"; };
		099AF61A1681FBAA001A6BF3 /* README.md */ = {isa = PBXFileReference; fileEncoding = 4; lastKnownFileType = text; path = README.md; sourceTree = "<group>"; };
		099AF68F16834580001A6BF3 /* PreferencesViewController.h */ = {isa = PBXFileReference; fileEncoding = 4; lastKnownFileType = sourcecode.c.h; path = PreferencesViewController.h; sourceTree = "<group>"; };
		099AF69016834580001A6BF3 /* PreferencesViewController.m */ = {isa = PBXFileReference; fileEncoding = 4; lastKnownFileType = sourcecode.c.objc; path = PreferencesViewController.m; sourceTree = "<group>"; };
		09CB352116AEDECC00995380 /* AVFoundation.framework */ = {isa = PBXFileReference; lastKnownFileType = wrapper.framework; name = AVFoundation.framework; path = System/Library/Frameworks/AVFoundation.framework; sourceTree = SDKROOT; };
		09D372D81681BA4F00F80410 /* A list of verbs.app */ = {isa = PBXFileReference; explicitFileType = wrapper.application; includeInIndex = 0; path = "A list of verbs.app"; sourceTree = BUILT_PRODUCTS_DIR; };
		09D372DC1681BA4F00F80410 /* UIKit.framework */ = {isa = PBXFileReference; lastKnownFileType = wrapper.framework; name = UIKit.framework; path = System/Library/Frameworks/UIKit.framework; sourceTree = SDKROOT; };
		09D372DE1681BA4F00F80410 /* Foundation.framework */ = {isa = PBXFileReference; lastKnownFileType = wrapper.framework; name = Foundation.framework; path = System/Library/Frameworks/Foundation.framework; sourceTree = SDKROOT; };
		09D372E01681BA4F00F80410 /* CoreGraphics.framework */ = {isa = PBXFileReference; lastKnownFileType = wrapper.framework; name = CoreGraphics.framework; path = System/Library/Frameworks/CoreGraphics.framework; sourceTree = SDKROOT; };
		09D372E41681BA4F00F80410 /* IrregularVerbs-Info.plist */ = {isa = PBXFileReference; lastKnownFileType = text.plist.xml; path = "IrregularVerbs-Info.plist"; sourceTree = "<group>"; };
		09D372E61681BA4F00F80410 /* en */ = {isa = PBXFileReference; lastKnownFileType = text.plist.strings; name = en; path = en.lproj/InfoPlist.strings; sourceTree = "<group>"; };
		09D372E81681BA4F00F80410 /* main.m */ = {isa = PBXFileReference; lastKnownFileType = sourcecode.c.objc; path = main.m; sourceTree = "<group>"; };
		09D372EA1681BA4F00F80410 /* IrregularVerbs-Prefix.pch */ = {isa = PBXFileReference; lastKnownFileType = sourcecode.c.h; path = "IrregularVerbs-Prefix.pch"; sourceTree = "<group>"; };
		09D372EB1681BA4F00F80410 /* AppDelegate.h */ = {isa = PBXFileReference; lastKnownFileType = sourcecode.c.h; path = AppDelegate.h; sourceTree = "<group>"; };
		09D372EC1681BA4F00F80410 /* AppDelegate.m */ = {isa = PBXFileReference; lastKnownFileType = sourcecode.c.objc; path = AppDelegate.m; sourceTree = "<group>"; };
		09D372F21681BA4F00F80410 /* Default-568h@2x.png */ = {isa = PBXFileReference; lastKnownFileType = image.png; path = "Default-568h@2x.png"; sourceTree = "<group>"; };
		09F7933B16A6C6490067EE3C /* HomeViewbg.png */ = {isa = PBXFileReference; lastKnownFileType = image.png; path = HomeViewbg.png; sourceTree = "<group>"; };
		09F7933C16A6C6490067EE3C /* HomeViewbg@2x.png */ = {isa = PBXFileReference; lastKnownFileType = image.png; path = "HomeViewbg@2x.png"; sourceTree = "<group>"; };
		E513C11C16A93D0F00467B5C /* UIColor+Saturation.h */ = {isa = PBXFileReference; fileEncoding = 4; lastKnownFileType = sourcecode.c.h; path = "UIColor+Saturation.h"; sourceTree = "<group>"; };
		E513C11D16A93D0F00467B5C /* UIColor+Saturation.m */ = {isa = PBXFileReference; fileEncoding = 4; lastKnownFileType = sourcecode.c.objc; path = "UIColor+Saturation.m"; sourceTree = "<group>"; };
		E513C12516A94CE700467B5C /* screenshot1.png */ = {isa = PBXFileReference; lastKnownFileType = image.png; path = screenshot1.png; sourceTree = "<group>"; };
		E513C12716A94CE700467B5C /* screenshot3.png */ = {isa = PBXFileReference; lastKnownFileType = image.png; path = screenshot3.png; sourceTree = "<group>"; };
		E513C12816A94CE700467B5C /* screenshot4.png */ = {isa = PBXFileReference; lastKnownFileType = image.png; path = screenshot4.png; sourceTree = "<group>"; };
		E513C12916A94CE700467B5C /* screenshot5.png */ = {isa = PBXFileReference; lastKnownFileType = image.png; path = screenshot5.png; sourceTree = "<group>"; };
		E513C12A16A94CE700467B5C /* screenshot6.png */ = {isa = PBXFileReference; lastKnownFileType = image.png; path = screenshot6.png; sourceTree = "<group>"; };
		E513C12B16A94CE700467B5C /* screenshot7.png */ = {isa = PBXFileReference; lastKnownFileType = image.png; path = screenshot7.png; sourceTree = "<group>"; };
		E513C12C16A94CE700467B5C /* screenshot8.png */ = {isa = PBXFileReference; lastKnownFileType = image.png; path = screenshot8.png; sourceTree = "<group>"; };
		E513C12D16A94CE700467B5C /* screenshot9.png */ = {isa = PBXFileReference; lastKnownFileType = image.png; path = screenshot9.png; sourceTree = "<group>"; };
		E513C13716A9509700467B5C /* screenshot2.png */ = {isa = PBXFileReference; lastKnownFileType = image.png; path = screenshot2.png; sourceTree = "<group>"; };
		E53DBB56169C05DE0080276A /* book_bookmark_24.png */ = {isa = PBXFileReference; lastKnownFileType = image.png; path = book_bookmark_24.png; sourceTree = "<group>"; };
		E53DBB58169C05F00080276A /* chart_bar_24.png */ = {isa = PBXFileReference; lastKnownFileType = image.png; path = chart_bar_24.png; sourceTree = "<group>"; };
		E53DBB5A169C05FF0080276A /* clock_24.png */ = {isa = PBXFileReference; lastKnownFileType = image.png; path = clock_24.png; sourceTree = "<group>"; };
		E53DBB5C169C0E550080276A /* checkmark_64.png */ = {isa = PBXFileReference; lastKnownFileType = image.png; path = checkmark_64.png; sourceTree = "<group>"; };
		E53DBB5E169C0E670080276A /* delete_64.png */ = {isa = PBXFileReference; lastKnownFileType = image.png; path = delete_64.png; sourceTree = "<group>"; };
		E53DC4EE16ABF9CB004CF825 /* HintsTableDelegate.h */ = {isa = PBXFileReference; fileEncoding = 4; lastKnownFileType = sourcecode.c.h; path = HintsTableDelegate.h; sourceTree = "<group>"; };
		E53DC4EF16ABF9CB004CF825 /* HintsTableDelegate.m */ = {isa = PBXFileReference; fileEncoding = 4; lastKnownFileType = sourcecode.c.objc; path = HintsTableDelegate.m; sourceTree = "<group>"; };
		E53DC4F216AC4EE3004CF825 /* UILabel+FrameExpand.h */ = {isa = PBXFileReference; fileEncoding = 4; lastKnownFileType = sourcecode.c.h; path = "UILabel+FrameExpand.h"; sourceTree = "<group>"; };
		E53DC4F316AC4EE3004CF825 /* UILabel+FrameExpand.m */ = {isa = PBXFileReference; fileEncoding = 4; lastKnownFileType = sourcecode.c.objc; path = "UILabel+FrameExpand.m"; sourceTree = "<group>"; };
		E53DC4F516AC56B5004CF825 /* HintsCell.h */ = {isa = PBXFileReference; fileEncoding = 4; lastKnownFileType = sourcecode.c.h; path = HintsCell.h; sourceTree = "<group>"; };
		E53DC4F616AC56B5004CF825 /* HintsCell.m */ = {isa = PBXFileReference; fileEncoding = 4; lastKnownFileType = sourcecode.c.objc; path = HintsCell.m; sourceTree = "<group>"; };
		E53DC4F816AC56C6004CF825 /* HintsCell.xib */ = {isa = PBXFileReference; fileEncoding = 4; lastKnownFileType = file.xib; path = HintsCell.xib; sourceTree = "<group>"; };
		E53DC50116AC7D5B004CF825 /* verbs.plist */ = {isa = PBXFileReference; fileEncoding = 4; lastKnownFileType = text.plist.xml; path = verbs.plist; sourceTree = "<group>"; };
		E54DD51C16B14E8500271679 /* screenshot2b.png */ = {isa = PBXFileReference; lastKnownFileType = image.png; path = screenshot2b.png; sourceTree = "<group>"; };
		E54DD52216B1517A00271679 /* Default.png */ = {isa = PBXFileReference; lastKnownFileType = image.png; path = Default.png; sourceTree = "<group>"; };
		E54DD52316B1517A00271679 /* Default@2x.png */ = {isa = PBXFileReference; lastKnownFileType = image.png; path = "Default@2x.png"; sourceTree = "<group>"; };
		E550A5CD169CC80B00DCA8D6 /* ColorMapView.h */ = {isa = PBXFileReference; fileEncoding = 4; lastKnownFileType = sourcecode.c.h; path = ColorMapView.h; sourceTree = "<group>"; };
		E550A5CE169CC80B00DCA8D6 /* ColorMapView.m */ = {isa = PBXFileReference; fileEncoding = 4; lastKnownFileType = sourcecode.c.objc; path = ColorMapView.m; sourceTree = "<group>"; };
		E550A5D1169CC83800DCA8D6 /* NSArray+Shuffling.h */ = {isa = PBXFileReference; fileEncoding = 4; lastKnownFileType = sourcecode.c.h; path = "NSArray+Shuffling.h"; sourceTree = "<group>"; };
		E550A5D2169CC83800DCA8D6 /* NSArray+Shuffling.m */ = {isa = PBXFileReference; fileEncoding = 4; lastKnownFileType = sourcecode.c.objc; path = "NSArray+Shuffling.m"; sourceTree = "<group>"; };
		E550A5D4169CC84A00DCA8D6 /* TestProgressView.h */ = {isa = PBXFileReference; fileEncoding = 4; lastKnownFileType = sourcecode.c.h; path = TestProgressView.h; sourceTree = "<group>"; };
		E550A5D5169CC85700DCA8D6 /* TestProgressView.m */ = {isa = PBXFileReference; fileEncoding = 4; lastKnownFileType = sourcecode.c.objc; path = TestProgressView.m; sourceTree = "<group>"; };
		E550A5D7169CC87300DCA8D6 /* icon57.png */ = {isa = PBXFileReference; lastKnownFileType = image.png; path = icon57.png; sourceTree = "<group>"; };
		E550A5D8169CC87300DCA8D6 /* icon114.png */ = {isa = PBXFileReference; lastKnownFileType = image.png; path = icon114.png; sourceTree = "<group>"; };
		E550A5DB169CC88600DCA8D6 /* media-shuffle.png */ = {isa = PBXFileReference; lastKnownFileType = image.png; path = "media-shuffle.png"; sourceTree = "<group>"; };
		E570094516939C7300219C24 /* QuartzCore.framework */ = {isa = PBXFileReference; lastKnownFileType = wrapper.framework; name = QuartzCore.framework; path = System/Library/Frameworks/QuartzCore.framework; sourceTree = SDKROOT; };
		E57BA4DC16AA1FB0004AFF04 /* hints.plist */ = {isa = PBXFileReference; fileEncoding = 4; lastKnownFileType = text.plist.xml; path = hints.plist; sourceTree = "<group>"; };
		E58AC2D516B66D570062D525 /* TestSelectorViewController.xib */ = {isa = PBXFileReference; fileEncoding = 4; lastKnownFileType = file.xib; path = TestSelectorViewController.xib; sourceTree = "<group>"; };
		E59D12F71695BAEC00C8DE51 /* VerbsStore.h */ = {isa = PBXFileReference; fileEncoding = 4; lastKnownFileType = sourcecode.c.h; path = VerbsStore.h; sourceTree = "<group>"; };
		E59D12F81695BAEC00C8DE51 /* VerbsStore.m */ = {isa = PBXFileReference; fileEncoding = 4; lastKnownFileType = sourcecode.c.objc; path = VerbsStore.m; sourceTree = "<group>"; };
		E5B3CEB716B0123600CDD6C5 /* pencil_24.png */ = {isa = PBXFileReference; lastKnownFileType = image.png; path = pencil_24.png; sourceTree = "<group>"; };
		E5B3CEBA16B0127900CDD6C5 /* pencil_24@2x.png */ = {isa = PBXFileReference; lastKnownFileType = image.png; path = "pencil_24@2x.png"; sourceTree = "<group>"; };
		E5BB4A5616ADB2AB00030041 /* verbs.plist */ = {isa = PBXFileReference; fileEncoding = 4; lastKnownFileType = text.plist.xml; path = verbs.plist; sourceTree = "<group>"; };
		E5C2CA2C169C5F6600BEE2ED /* Referee.h */ = {isa = PBXFileReference; fileEncoding = 4; lastKnownFileType = sourcecode.c.h; path = Referee.h; sourceTree = "<group>"; };
		E5C2CA2D169C5F6600BEE2ED /* Referee.m */ = {isa = PBXFileReference; fileEncoding = 4; lastKnownFileType = sourcecode.c.objc; path = Referee.m; sourceTree = "<group>"; };
		E5C2CA30169C6A0C00BEE2ED /* Verb.h */ = {isa = PBXFileReference; fileEncoding = 4; lastKnownFileType = sourcecode.c.h; path = Verb.h; sourceTree = "<group>"; };
		E5C2CA31169C6A0C00BEE2ED /* Verb.m */ = {isa = PBXFileReference; fileEncoding = 4; lastKnownFileType = sourcecode.c.objc; path = Verb.m; sourceTree = "<group>"; };
		E5C70A44169F2D6200E09847 /* calendar_24.png */ = {isa = PBXFileReference; lastKnownFileType = image.png; path = calendar_24.png; sourceTree = "<group>"; };
		E5CAFA1B16A7290E0015B16E /* TestCardsStackViewController.h */ = {isa = PBXFileReference; fileEncoding = 4; lastKnownFileType = sourcecode.c.h; path = TestCardsStackViewController.h; sourceTree = "<group>"; };
		E5CAFA1C16A7290E0015B16E /* TestCardsStackViewController.m */ = {isa = PBXFileReference; fileEncoding = 4; lastKnownFileType = sourcecode.c.objc; path = TestCardsStackViewController.m; sourceTree = "<group>"; };
		E5CAFA1F16A72EC00015B16E /* PreferencesViewController.xib */ = {isa = PBXFileReference; fileEncoding = 4; lastKnownFileType = file.xib; path = PreferencesViewController.xib; sourceTree = "<group>"; };
		E5DB039216A7E47900EE1E80 /* TSCVerbCell.h */ = {isa = PBXFileReference; fileEncoding = 4; lastKnownFileType = sourcecode.c.h; path = TSCVerbCell.h; sourceTree = "<group>"; };
		E5DB039316A7E47900EE1E80 /* TSCVerbCell.m */ = {isa = PBXFileReference; fileEncoding = 4; lastKnownFileType = sourcecode.c.objc; path = TSCVerbCell.m; sourceTree = "<group>"; };
		E5DB039516A7E4C700EE1E80 /* TestScoreCardViewController.h */ = {isa = PBXFileReference; fileEncoding = 4; lastKnownFileType = sourcecode.c.h; path = TestScoreCardViewController.h; sourceTree = "<group>"; };
		E5DB039616A7E4C700EE1E80 /* TestScoreCardViewController.m */ = {isa = PBXFileReference; fileEncoding = 4; lastKnownFileType = sourcecode.c.objc; path = TestScoreCardViewController.m; sourceTree = "<group>"; };
		E5DB039816A7E55700EE1E80 /* TSCVerbCell.xib */ = {isa = PBXFileReference; fileEncoding = 4; lastKnownFileType = file.xib; path = TSCVerbCell.xib; sourceTree = "<group>"; };
		E5DB039A16A7EBFA00EE1E80 /* TSCSummaryCell.xib */ = {isa = PBXFileReference; fileEncoding = 4; lastKnownFileType = file.xib; path = TSCSummaryCell.xib; sourceTree = "<group>"; };
		E5DB039C16A7EDCE00EE1E80 /* TSCSummaryCell.h */ = {isa = PBXFileReference; fileEncoding = 4; lastKnownFileType = sourcecode.c.h; path = TSCSummaryCell.h; sourceTree = "<group>"; };
		E5DB039D16A7EDCE00EE1E80 /* TSCSummaryCell.m */ = {isa = PBXFileReference; fileEncoding = 4; lastKnownFileType = sourcecode.c.objc; path = TSCSummaryCell.m; sourceTree = "<group>"; };
		E5DB03A316A7EEAC00EE1E80 /* PassFailGraphView.h */ = {isa = PBXFileReference; fileEncoding = 4; lastKnownFileType = sourcecode.c.h; path = PassFailGraphView.h; sourceTree = "<group>"; };
		E5DB03A416A7EEAC00EE1E80 /* PassFailGraphView.m */ = {isa = PBXFileReference; fileEncoding = 4; lastKnownFileType = sourcecode.c.objc; path = PassFailGraphView.m; sourceTree = "<group>"; };
		E5DEC609169F70C60006AE38 /* gear_24.png */ = {isa = PBXFileReference; lastKnownFileType = image.png; path = gear_24.png; sourceTree = "<group>"; };
		E5E05A8D16A6BE2400CEB889 /* TestSelectorViewController.h */ = {isa = PBXFileReference; fileEncoding = 4; lastKnownFileType = sourcecode.c.h; path = TestSelectorViewController.h; sourceTree = "<group>"; };
		E5E05A8E16A6BE2400CEB889 /* TestSelectorViewController.m */ = {isa = PBXFileReference; fileEncoding = 4; lastKnownFileType = sourcecode.c.objc; path = TestSelectorViewController.m; sourceTree = "<group>"; };
		E5E05B9516B2E98100F33CEC /* TestCase.h */ = {isa = PBXFileReference; fileEncoding = 4; lastKnownFileType = sourcecode.c.h; path = TestCase.h; sourceTree = "<group>"; };
		E5E05B9616B2E98100F33CEC /* TestCase.m */ = {isa = PBXFileReference; fileEncoding = 4; lastKnownFileType = sourcecode.c.objc; path = TestCase.m; sourceTree = "<group>"; };
		E5E05B9916B2FE2800F33CEC /* PresentedViewControllerDelegate.h */ = {isa = PBXFileReference; fileEncoding = 4; lastKnownFileType = sourcecode.c.h; path = PresentedViewControllerDelegate.h; sourceTree = "<group>"; };
		E5F428CB16B0A86700058D72 /* greyButtonSpacer.png */ = {isa = PBXFileReference; lastKnownFileType = image.png; path = greyButtonSpacer.png; sourceTree = "<group>"; };
		E5F428CC16B0A86900058D72 /* greyButtonSpacer@2x.png */ = {isa = PBXFileReference; lastKnownFileType = image.png; path = "greyButtonSpacer@2x.png"; sourceTree = "<group>"; };
		E5F49E1D16A5C89C0078EC5D /* TestCardViewController.h */ = {isa = PBXFileReference; fileEncoding = 4; lastKnownFileType = sourcecode.c.h; path = TestCardViewController.h; sourceTree = "<group>"; };
		E5F49E1E16A5C89C0078EC5D /* TestCardViewController.m */ = {isa = PBXFileReference; fileEncoding = 4; lastKnownFileType = sourcecode.c.objc; path = TestCardViewController.m; sourceTree = "<group>"; };
		E5F49E1F16A5C89C0078EC5D /* TestCardViewController.xib */ = {isa = PBXFileReference; fileEncoding = 4; lastKnownFileType = file.xib; path = TestCardViewController.xib; sourceTree = "<group>"; };
/* End PBXFileReference section */

/* Begin PBXFrameworksBuildPhase section */
		09D372D51681BA4F00F80410 /* Frameworks */ = {
			isa = PBXFrameworksBuildPhase;
			buildActionMask = 2147483647;
			files = (
				09CB352216AEDECC00995380 /* AVFoundation.framework in Frameworks */,
				E570094616939C7300219C24 /* QuartzCore.framework in Frameworks */,
				09D372DD1681BA4F00F80410 /* UIKit.framework in Frameworks */,
				09D372DF1681BA4F00F80410 /* Foundation.framework in Frameworks */,
				09D372E11681BA4F00F80410 /* CoreGraphics.framework in Frameworks */,
			);
			runOnlyForDeploymentPostprocessing = 0;
		};
/* End PBXFrameworksBuildPhase section */

/* Begin PBXGroup section */
		0973D9FA16AD4D8600A8E30A /* Third Party */ = {
			isa = PBXGroup;
			children = (
				0973D9FB16AD4DA700A8E30A /* ViewControllers */,
			);
			name = "Third Party";
			sourceTree = "<group>";
		};
		0973D9FB16AD4DA700A8E30A /* ViewControllers */ = {
			isa = PBXGroup;
			children = (
				0973D9FC16AD4DBE00A8E30A /* ASDepthModalViewController.h */,
				0973D9FD16AD4DBE00A8E30A /* ASDepthModalViewController.m */,
			);
			name = ViewControllers;
			sourceTree = "<group>";
		};
		09D372CD1681BA4F00F80410 = {
			isa = PBXGroup;
			children = (
				E550A5DD169CC8C600DCA8D6 /* Readme */,
				09D372E21681BA4F00F80410 /* IrregularVerbs */,
				09D372DB1681BA4F00F80410 /* Frameworks */,
				09D372D91681BA4F00F80410 /* Products */,
			);
			sourceTree = "<group>";
		};
		09D372D91681BA4F00F80410 /* Products */ = {
			isa = PBXGroup;
			children = (
				09D372D81681BA4F00F80410 /* A list of verbs.app */,
			);
			name = Products;
			sourceTree = "<group>";
		};
		09D372DB1681BA4F00F80410 /* Frameworks */ = {
			isa = PBXGroup;
			children = (
				09CB352116AEDECC00995380 /* AVFoundation.framework */,
				E570094516939C7300219C24 /* QuartzCore.framework */,
				09D372DC1681BA4F00F80410 /* UIKit.framework */,
				09D372DE1681BA4F00F80410 /* Foundation.framework */,
				09D372E01681BA4F00F80410 /* CoreGraphics.framework */,
			);
			name = Frameworks;
			sourceTree = "<group>";
		};
		09D372E21681BA4F00F80410 /* IrregularVerbs */ = {
			isa = PBXGroup;
			children = (
				0973D9FA16AD4D8600A8E30A /* Third Party */,
				E550A5EA169CC90700DCA8D6 /* Model */,
				E550A5EB169CC92700DCA8D6 /* ViewControllers */,
				E550A5EC169CC95400DCA8D6 /* Views */,
				E550A5ED169CC98500DCA8D6 /* Helpers */,
				09D372E31681BA4F00F80410 /* Supporting Files */,
			);
			path = IrregularVerbs;
			sourceTree = "<group>";
		};
		09D372E31681BA4F00F80410 /* Supporting Files */ = {
			isa = PBXGroup;
			children = (
				092CE66816B3CDCF0008A741 /* signikalight.ttf */,
				092CE66616B3CDBE0008A741 /* signikabold.ttf */,
				092CE66416B3CA260008A741 /* signikaregular.ttf */,
				E54DD52216B1517A00271679 /* Default.png */,
				E54DD52316B1517A00271679 /* Default@2x.png */,
				0973D9F416AD2C4500A8E30A /* Localizable.strings */,
				E57BA4DC16AA1FB0004AFF04 /* hints.plist */,
				09D372E81681BA4F00F80410 /* main.m */,
				09D372EA1681BA4F00F80410 /* IrregularVerbs-Prefix.pch */,
				09D372EB1681BA4F00F80410 /* AppDelegate.h */,
				09D372EC1681BA4F00F80410 /* AppDelegate.m */,
				092CDCA7168D8D8C0092FD32 /* Defaults.plist */,
				E5BB4A5616ADB2AB00030041 /* verbs.plist */,
				E550A5EE169CC9AE00DCA8D6 /* Images */,
				09D372E41681BA4F00F80410 /* IrregularVerbs-Info.plist */,
				E53DC50116AC7D5B004CF825 /* verbs.plist */,
				09D372E51681BA4F00F80410 /* InfoPlist.strings */,
				09D372F21681BA4F00F80410 /* Default-568h@2x.png */,
			);
			name = "Supporting Files";
			sourceTree = "<group>";
		};
		E52F436B16A81C6E00220CF1 /* Home */ = {
			isa = PBXGroup;
			children = (
				0973DA0B16ADB9F700A8E30A /* HomeViewController.h */,
				0973DA0C16ADB9F700A8E30A /* HomeViewController.m */,
				0973DA0D16ADB9F700A8E30A /* HomeViewController.xib */,
				0984867316B6A6F300CE22C9 /* LevelDialSelectorControl.h */,
				0984867416B6A6F300CE22C9 /* LevelDialSelectorControl.m */,
				0984867A16B6B3BA00CE22C9 /* SectorDial.h */,
				0984867B16B6B3BA00CE22C9 /* SectorDial.m */,
			);
			name = Home;
			sourceTree = "<group>";
		};
		E52F436D16A81C7F00220CF1 /* Preferences */ = {
			isa = PBXGroup;
			children = (
				099AF68F16834580001A6BF3 /* PreferencesViewController.h */,
				099AF69016834580001A6BF3 /* PreferencesViewController.m */,
				E5CAFA1F16A72EC00015B16E /* PreferencesViewController.xib */,
			);
			name = Preferences;
			sourceTree = "<group>";
		};
		E52F436E16A81CA100220CF1 /* Test */ = {
			isa = PBXGroup;
			children = (
				092960F416B5DD37006954BE /* TestTypeButton.h */,
				092960F516B5DD37006954BE /* TestTypeButton.m */,
				E5DB039216A7E47900EE1E80 /* TSCVerbCell.h */,
				E5DB039316A7E47900EE1E80 /* TSCVerbCell.m */,
				E5DB039816A7E55700EE1E80 /* TSCVerbCell.xib */,
				E5DB039C16A7EDCE00EE1E80 /* TSCSummaryCell.h */,
				E5DB039D16A7EDCE00EE1E80 /* TSCSummaryCell.m */,
				E5DB039A16A7EBFA00EE1E80 /* TSCSummaryCell.xib */,
				E5DB039516A7E4C700EE1E80 /* TestScoreCardViewController.h */,
				E5DB039616A7E4C700EE1E80 /* TestScoreCardViewController.m */,
				E5F49E1D16A5C89C0078EC5D /* TestCardViewController.h */,
				E5F49E1E16A5C89C0078EC5D /* TestCardViewController.m */,
				E5F49E1F16A5C89C0078EC5D /* TestCardViewController.xib */,
				E5CAFA1B16A7290E0015B16E /* TestCardsStackViewController.h */,
				E5CAFA1C16A7290E0015B16E /* TestCardsStackViewController.m */,
				E5E05A8D16A6BE2400CEB889 /* TestSelectorViewController.h */,
				E5E05A8E16A6BE2400CEB889 /* TestSelectorViewController.m */,
				E58AC2D516B66D570062D525 /* TestSelectorViewController.xib */,
				E5E05B9916B2FE2800F33CEC /* PresentedViewControllerDelegate.h */,
			);
			name = Test;
			sourceTree = "<group>";
		};
		E52F436F16A81CBD00220CF1 /* History */ = {
			isa = PBXGroup;
			children = (
				090F8B3816A7E253002131E1 /* HistoryDataCell.h */,
				090F8B3916A7E253002131E1 /* HistoryDataCell.m */,
				090F8B3C16A7E26B002131E1 /* HistoryDataCell.xib */,
				090F8B3E16A7E52A002131E1 /* HistoryViewController.h */,
				090F8B3F16A7E52B002131E1 /* HistoryViewController.m */,
				090F8B4016A7E52B002131E1 /* HistoryViewController.xib */,
			);
			name = History;
			sourceTree = "<group>";
		};
		E550A5DD169CC8C600DCA8D6 /* Readme */ = {
			isa = PBXGroup;
			children = (
				099AF61A1681FBAA001A6BF3 /* README.md */,
				E513C12516A94CE700467B5C /* screenshot1.png */,
				E513C13716A9509700467B5C /* screenshot2.png */,
				E54DD51C16B14E8500271679 /* screenshot2b.png */,
				E513C12716A94CE700467B5C /* screenshot3.png */,
				E513C12816A94CE700467B5C /* screenshot4.png */,
				E513C12916A94CE700467B5C /* screenshot5.png */,
				E513C12A16A94CE700467B5C /* screenshot6.png */,
				E513C12B16A94CE700467B5C /* screenshot7.png */,
				E513C12C16A94CE700467B5C /* screenshot8.png */,
				E513C12D16A94CE700467B5C /* screenshot9.png */,
			);
			name = Readme;
			sourceTree = "<group>";
		};
		E550A5EA169CC90700DCA8D6 /* Model */ = {
			isa = PBXGroup;
			children = (
				E59D12F71695BAEC00C8DE51 /* VerbsStore.h */,
				E59D12F81695BAEC00C8DE51 /* VerbsStore.m */,
				E5C2CA30169C6A0C00BEE2ED /* Verb.h */,
				E5C2CA31169C6A0C00BEE2ED /* Verb.m */,
				E5E05B9516B2E98100F33CEC /* TestCase.h */,
				E5E05B9616B2E98100F33CEC /* TestCase.m */,
			);
			name = Model;
			sourceTree = "<group>";
		};
		E550A5EB169CC92700DCA8D6 /* ViewControllers */ = {
			isa = PBXGroup;
			children = (
				E52F436B16A81C6E00220CF1 /* Home */,
				E5B0A74916A8B55800ADEBCE /* Learn */,
				E52F436E16A81CA100220CF1 /* Test */,
				E52F436F16A81CBD00220CF1 /* History */,
				E52F436D16A81C7F00220CF1 /* Preferences */,
			);
			name = ViewControllers;
			sourceTree = "<group>";
		};
		E550A5EC169CC95400DCA8D6 /* Views */ = {
			isa = PBXGroup;
			children = (
				E5DB03A316A7EEAC00EE1E80 /* PassFailGraphView.h */,
				E5DB03A416A7EEAC00EE1E80 /* PassFailGraphView.m */,
				E550A5D5169CC85700DCA8D6 /* TestProgressView.m */,
				E550A5D4169CC84A00DCA8D6 /* TestProgressView.h */,
				E550A5CD169CC80B00DCA8D6 /* ColorMapView.h */,
				E550A5CE169CC80B00DCA8D6 /* ColorMapView.m */,
			);
			name = Views;
			sourceTree = "<group>";
		};
		E550A5ED169CC98500DCA8D6 /* Helpers */ = {
			isa = PBXGroup;
			children = (
				E53DC4F216AC4EE3004CF825 /* UILabel+FrameExpand.h */,
				E53DC4F316AC4EE3004CF825 /* UILabel+FrameExpand.m */,
				E513C11C16A93D0F00467B5C /* UIColor+Saturation.h */,
				E513C11D16A93D0F00467B5C /* UIColor+Saturation.m */,
				E550A5D1169CC83800DCA8D6 /* NSArray+Shuffling.h */,
				E550A5D2169CC83800DCA8D6 /* NSArray+Shuffling.m */,
				E5C2CA2C169C5F6600BEE2ED /* Referee.h */,
				E5C2CA2D169C5F6600BEE2ED /* Referee.m */,
				0993D38216B7FAE5003B3206 /* ImgIndependentHelper.h */,
				0993D38316B7FAE5003B3206 /* ImgIndependentHelper.m */,
			);
			name = Helpers;
			sourceTree = "<group>";
		};
		E550A5EE169CC9AE00DCA8D6 /* Images */ = {
			isa = PBXGroup;
			children = (
				0980731D16B6E17F008A43A9 /* sectorImage0.png */,
				0980731E16B6E180008A43A9 /* sectorImage1.png */,
				0980731F16B6E180008A43A9 /* sectorImage2.png */,
				E53DBB56169C05DE0080276A /* book_bookmark_24.png */,
				E5C70A44169F2D6200E09847 /* calendar_24.png */,
				0980731916B6E123008A43A9 /* sectorImage0@2x.png */,
				0980731A16B6E123008A43A9 /* sectorImage1@2x.png */,
				E53DBB58169C05F00080276A /* chart_bar_24.png */,
				0917BF6E16AEC19F009221EF /* check_nok_dark_grey.png */,
				0917BF6D16AEC19C009221EF /* check_nok_dark_grey@2x.png */,
				0917BF6C16AEC199009221EF /* check_nok_grey.png */,
				0917BF6B16AEC195009221EF /* check_nok_grey@2x.png */,
				095BC75B16AEEEEF0020ADCF /* check_nok_red.png */,
				095BC75A16AEEEEF0020ADCF /* check_nok_red@2x.png */,
				0917BF6716AEC18C009221EF /* check_ok_dark_grey.png */,
				0917BF6616AEC18A009221EF /* check_ok_dark_grey@2x.png */,
				0917BF6516AEC189009221EF /* check_ok_green.png */,
				0917BF6416AEC188009221EF /* check_ok_green@2x.png */,
				0917BF6316AEC187009221EF /* check_ok_grey.png */,
				0917BF6216AEC187009221EF /* check_ok_grey@2x.png */,
				E53DBB5C169C0E550080276A /* checkmark_64.png */,
				E53DBB5A169C05FF0080276A /* clock_24.png */,
				E53DBB5E169C0E670080276A /* delete_64.png */,
				E5DEC609169F70C60006AE38 /* gear_24.png */,
				E5F428CB16B0A86700058D72 /* greyButtonSpacer.png */,
				E5F428CC16B0A86900058D72 /* greyButtonSpacer@2x.png */,
				0958A9C316B5D5B30014621E /* homeButton.png */,
				0958A9C416B5D5B30014621E /* homeButton@2x.png */,
				0929AB6916B3EB6C006C5F7C /* HomeViewbg-568h@2x.png */,
				09F7933B16A6C6490067EE3C /* HomeViewbg.png */,
				09F7933C16A6C6490067EE3C /* HomeViewbg@2x.png */,
				E550A5D8169CC87300DCA8D6 /* icon114.png */,
				E550A5D7169CC87300DCA8D6 /* icon57.png */,
				0958A9C716B5D60B0014621E /* iconAjustes.png */,
				0958A9C816B5D60B0014621E /* iconAjustes@2x.png */,
				0958A9BF16B5D5770014621E /* iconAprender.png */,
				0958A9C016B5D5770014621E /* iconAprender@2x.png */,
				0958A9C916B5D60B0014621E /* iconEvaluar.png */,
				0958A9CA16B5D60B0014621E /* iconEvaluar@2x.png */,
				0958A9CB16B5D60B0014621E /* iconHistorial.png */,
				0958A9CC16B5D60B0014621E /* iconHistorial@2x.png */,
				098297ED16B6641A0091A192 /* info.png */,
				098297EE16B6641A0091A192 /* info@2x.png */,
				E550A5DB169CC88600DCA8D6 /* media-shuffle.png */,
				E5B3CEB716B0123600CDD6C5 /* pencil_24.png */,
				E5B3CEBA16B0127900CDD6C5 /* pencil_24@2x.png */,
				098072DF16B6C4E3008A43A9 /* sectorImage2@2x.png */,
				098072E216B6CEC1008A43A9 /* white-circular-bg1.png */,
				098072E316B6CEC1008A43A9 /* white-circular-bg1@2x.png */,
				09391F9116B4844B004102F9 /* whiteButton.png */,
				09391F9216B4844B004102F9 /* whiteButton@2x.png */,
				096B5A6116B3C5DB0024CBC3 /* whiteButtonHighlight.png */,
				096B5A6216B3C5DB0024CBC3 /* whiteButtonHighlight@2x.png */,
			);
			name = Images;
			sourceTree = "<group>";
		};
		E5B0A74916A8B55800ADEBCE /* Learn */ = {
			isa = PBXGroup;
			children = (
				E53DC4F516AC56B5004CF825 /* HintsCell.h */,
				E53DC4F616AC56B5004CF825 /* HintsCell.m */,
				E53DC4F816AC56C6004CF825 /* HintsCell.xib */,
				E53DC4EE16ABF9CB004CF825 /* HintsTableDelegate.h */,
				E53DC4EF16ABF9CB004CF825 /* HintsTableDelegate.m */,
				091C61F216A018EF00F3606A /* CardsTableViewController.h */,
				091C61F316A018EF00F3606A /* CardsTableViewController.m */,
				091C61F416A018EF00F3606A /* CardsTableViewController.xib */,
			);
			name = Learn;
			sourceTree = "<group>";
		};
/* End PBXGroup section */

/* Begin PBXLegacyTarget section */
		09656A8716B91E510066F99D /* Image Script */ = {
			isa = PBXLegacyTarget;
			buildArgumentsString = "\"$(SRCROOT)/IrregularVerbs/image.py\"   -s \"$(SRCROOT)/IrregularVerbs\"  -d \"$(SRCROOT)/IrregularVerbs/images.h\"  --warn-retina RETINA --warn-duplicates DUPLICATES";
			buildConfigurationList = 09656A8A16B91E520066F99D /* Build configuration list for PBXLegacyTarget "Image Script" */;
			buildPhases = (
			);
			buildToolPath = /usr/bin/python;
			buildWorkingDirectory = "";
			dependencies = (
			);
			name = "Image Script";
			passBuildSettingsInEnvironment = 1;
			productName = "Image Script";
		};
/* End PBXLegacyTarget section */

/* Begin PBXNativeTarget section */
		09D372D71681BA4F00F80410 /* A list of verbs */ = {
			isa = PBXNativeTarget;
			buildConfigurationList = 09D372FC1681BA4F00F80410 /* Build configuration list for PBXNativeTarget "A list of verbs" */;
			buildPhases = (
				09D372D41681BA4F00F80410 /* Sources */,
				09D372D51681BA4F00F80410 /* Frameworks */,
				09D372D61681BA4F00F80410 /* Resources */,
			);
			buildRules = (
			);
			dependencies = (
				09656A8E16B91EEA0066F99D /* PBXTargetDependency */,
			);
			name = "A list of verbs";
			productName = IrregularVerbs;
			productReference = 09D372D81681BA4F00F80410 /* A list of verbs.app */;
			productType = "com.apple.product-type.application";
		};
/* End PBXNativeTarget section */

/* Begin PBXProject section */
		09D372CF1681BA4F00F80410 /* Project object */ = {
			isa = PBXProject;
			attributes = {
				LastUpgradeCheck = 0450;
				ORGANIZATIONNAME = "Oswaldo Rubio";
			};
			buildConfigurationList = 09D372D21681BA4F00F80410 /* Build configuration list for PBXProject "IrregularVerbs" */;
			compatibilityVersion = "Xcode 3.2";
			developmentRegion = English;
			hasScannedForEncodings = 0;
			knownRegions = (
				en,
				es,
			);
			mainGroup = 09D372CD1681BA4F00F80410;
			productRefGroup = 09D372D91681BA4F00F80410 /* Products */;
			projectDirPath = "";
			projectRoot = "";
			targets = (
				09D372D71681BA4F00F80410 /* A list of verbs */,
				09656A8716B91E510066F99D /* Image Script */,
			);
		};
/* End PBXProject section */

/* Begin PBXResourcesBuildPhase section */
		09D372D61681BA4F00F80410 /* Resources */ = {
			isa = PBXResourcesBuildPhase;
			buildActionMask = 2147483647;
			files = (
				09D372E71681BA4F00F80410 /* InfoPlist.strings in Resources */,
				09D372F31681BA4F00F80410 /* Default-568h@2x.png in Resources */,
				092CDCA8168D8D8D0092FD32 /* Defaults.plist in Resources */,
				E53DBB57169C05DE0080276A /* book_bookmark_24.png in Resources */,
				E53DBB59169C05F00080276A /* chart_bar_24.png in Resources */,
				E53DBB5B169C05FF0080276A /* clock_24.png in Resources */,
				E53DBB5D169C0E550080276A /* checkmark_64.png in Resources */,
				E53DBB5F169C0E670080276A /* delete_64.png in Resources */,
				E550A5D9169CC87300DCA8D6 /* icon57.png in Resources */,
				E550A5DA169CC87300DCA8D6 /* icon114.png in Resources */,
				E550A5DC169CC88600DCA8D6 /* media-shuffle.png in Resources */,
				E5C70A45169F2D6200E09847 /* calendar_24.png in Resources */,
				E5DEC60A169F70C60006AE38 /* gear_24.png in Resources */,
				091C61F616A018EF00F3606A /* CardsTableViewController.xib in Resources */,
				E5F49E2116A5C89C0078EC5D /* TestCardViewController.xib in Resources */,
				09F7933D16A6C6490067EE3C /* HomeViewbg.png in Resources */,
				09F7933E16A6C6490067EE3C /* HomeViewbg@2x.png in Resources */,
				E5CAFA2016A72EC00015B16E /* PreferencesViewController.xib in Resources */,
				E5DB039916A7E55700EE1E80 /* TSCVerbCell.xib in Resources */,
				E5DB039B16A7EBFB00EE1E80 /* TSCSummaryCell.xib in Resources */,
				090F8B3D16A7E26B002131E1 /* HistoryDataCell.xib in Resources */,
				090F8B4216A7E52B002131E1 /* HistoryViewController.xib in Resources */,
				E57BA4DD16AA1FB0004AFF04 /* hints.plist in Resources */,
				E53DC4F916AC56C6004CF825 /* HintsCell.xib in Resources */,
				E53DC50216AC7D5B004CF825 /* verbs.plist in Resources */,
				0973D9F216AD2C4500A8E30A /* Localizable.strings in Resources */,
				0973DA0F16ADB9F700A8E30A /* HomeViewController.xib in Resources */,
				0917BF6F16AEC1A2009221EF /* check_ok_grey@2x.png in Resources */,
				0917BF7016AEC1A2009221EF /* check_ok_grey.png in Resources */,
				0917BF7116AEC1A2009221EF /* check_ok_green@2x.png in Resources */,
				0917BF7216AEC1A2009221EF /* check_ok_green.png in Resources */,
				0917BF7316AEC1A2009221EF /* check_ok_dark_grey@2x.png in Resources */,
				0917BF7416AEC1A2009221EF /* check_ok_dark_grey.png in Resources */,
				0917BF7816AEC1A2009221EF /* check_nok_grey@2x.png in Resources */,
				0917BF7916AEC1A2009221EF /* check_nok_grey.png in Resources */,
				0917BF7A16AEC1A2009221EF /* check_nok_dark_grey@2x.png in Resources */,
				0917BF7B16AEC1A2009221EF /* check_nok_dark_grey.png in Resources */,
				E5B3CEB816B0123600CDD6C5 /* pencil_24.png in Resources */,
				095BC75C16AEEEF00020ADCF /* check_nok_red@2x.png in Resources */,
				E5B3CEBB16B0127900CDD6C5 /* pencil_24@2x.png in Resources */,
				095BC75D16AEEEF00020ADCF /* check_nok_red.png in Resources */,
				E5F428CD16B0A86B00058D72 /* greyButtonSpacer.png in Resources */,
				E5F428CE16B0A86B00058D72 /* greyButtonSpacer@2x.png in Resources */,
				E54DD52416B1517A00271679 /* Default.png in Resources */,
				E54DD52516B1517A00271679 /* Default@2x.png in Resources */,
				096B5A6516B3C5DB0024CBC3 /* whiteButtonHighlight.png in Resources */,
				096B5A6616B3C5DB0024CBC3 /* whiteButtonHighlight@2x.png in Resources */,
				092CE66516B3CA260008A741 /* signikaregular.ttf in Resources */,
				092CE66716B3CDBE0008A741 /* signikabold.ttf in Resources */,
				092CE66916B3CE210008A741 /* signikalight.ttf in Resources */,
				0929AB6A16B3EB6C006C5F7C /* HomeViewbg-568h@2x.png in Resources */,
				09391F9316B4844B004102F9 /* whiteButton.png in Resources */,
				09391F9416B4844B004102F9 /* whiteButton@2x.png in Resources */,
				0958A9C116B5D5770014621E /* iconAprender.png in Resources */,
				0958A9C216B5D5770014621E /* iconAprender@2x.png in Resources */,
				0958A9C516B5D5B30014621E /* homeButton.png in Resources */,
				0958A9C616B5D5B30014621E /* homeButton@2x.png in Resources */,
				0958A9CD16B5D60B0014621E /* iconAjustes.png in Resources */,
				0958A9CE16B5D60B0014621E /* iconAjustes@2x.png in Resources */,
				0958A9CF16B5D60B0014621E /* iconEvaluar.png in Resources */,
				0958A9D016B5D60B0014621E /* iconEvaluar@2x.png in Resources */,
				0958A9D116B5D60B0014621E /* iconHistorial.png in Resources */,
				0958A9D216B5D60B0014621E /* iconHistorial@2x.png in Resources */,
				098297EF16B6641A0091A192 /* info.png in Resources */,
				098297F016B6641A0091A192 /* info@2x.png in Resources */,
				E58AC2D616B66D570062D525 /* TestSelectorViewController.xib in Resources */,
				098072E016B6C4E3008A43A9 /* sectorImage2@2x.png in Resources */,
				098072E416B6CEC1008A43A9 /* white-circular-bg1.png in Resources */,
				098072E516B6CEC1008A43A9 /* white-circular-bg1@2x.png in Resources */,
				0980731B16B6E123008A43A9 /* sectorImage0@2x.png in Resources */,
				0980731C16B6E123008A43A9 /* sectorImage1@2x.png in Resources */,
				0980732016B6E180008A43A9 /* sectorImage0.png in Resources */,
				0980732116B6E180008A43A9 /* sectorImage1.png in Resources */,
				0980732216B6E180008A43A9 /* sectorImage2.png in Resources */,
			);
			runOnlyForDeploymentPostprocessing = 0;
		};
/* End PBXResourcesBuildPhase section */

/* Begin PBXSourcesBuildPhase section */
		09D372D41681BA4F00F80410 /* Sources */ = {
			isa = PBXSourcesBuildPhase;
			buildActionMask = 2147483647;
			files = (
				09D372E91681BA4F00F80410 /* main.m in Sources */,
				09D372ED1681BA4F00F80410 /* AppDelegate.m in Sources */,
				099AF69116834580001A6BF3 /* PreferencesViewController.m in Sources */,
				E59D12F91695BAEC00C8DE51 /* VerbsStore.m in Sources */,
				E5C2CA2E169C5F6600BEE2ED /* Referee.m in Sources */,
				E5C2CA32169C6A0C00BEE2ED /* Verb.m in Sources */,
				E550A5CF169CC80B00DCA8D6 /* ColorMapView.m in Sources */,
				E550A5D3169CC83800DCA8D6 /* NSArray+Shuffling.m in Sources */,
				E550A5D6169CC85700DCA8D6 /* TestProgressView.m in Sources */,
				091C61F516A018EF00F3606A /* CardsTableViewController.m in Sources */,
				E5F49E2016A5C89C0078EC5D /* TestCardViewController.m in Sources */,
				E5E05A8F16A6BE2400CEB889 /* TestSelectorViewController.m in Sources */,
				E5CAFA1D16A7290E0015B16E /* TestCardsStackViewController.m in Sources */,
				E5DB039416A7E47900EE1E80 /* TSCVerbCell.m in Sources */,
				E5DB039716A7E4C700EE1E80 /* TestScoreCardViewController.m in Sources */,
				090F8B3A16A7E253002131E1 /* HistoryDataCell.m in Sources */,
				090F8B4116A7E52B002131E1 /* HistoryViewController.m in Sources */,
				E5DB039E16A7EDCE00EE1E80 /* TSCSummaryCell.m in Sources */,
				E5DB03A516A7EEAC00EE1E80 /* PassFailGraphView.m in Sources */,
				E513C11E16A93D0F00467B5C /* UIColor+Saturation.m in Sources */,
				E53DC4F016ABF9CB004CF825 /* HintsTableDelegate.m in Sources */,
				E53DC4F416AC4EE3004CF825 /* UILabel+FrameExpand.m in Sources */,
				E53DC4F716AC56B5004CF825 /* HintsCell.m in Sources */,
				0973D9FE16AD4DBE00A8E30A /* ASDepthModalViewController.m in Sources */,
				0973DA0E16ADB9F700A8E30A /* HomeViewController.m in Sources */,
				E5E05B9716B2E98100F33CEC /* TestCase.m in Sources */,
				092960F616B5DD37006954BE /* TestTypeButton.m in Sources */,
				0984867516B6A6F300CE22C9 /* LevelDialSelectorControl.m in Sources */,
				0984867C16B6B3BA00CE22C9 /* SectorDial.m in Sources */,
				0993D38416B7FAE5003B3206 /* ImgIndependentHelper.m in Sources */,
			);
			runOnlyForDeploymentPostprocessing = 0;
		};
/* End PBXSourcesBuildPhase section */

/* Begin PBXTargetDependency section */
		09656A8E16B91EEA0066F99D /* PBXTargetDependency */ = {
			isa = PBXTargetDependency;
			target = 09656A8716B91E510066F99D /* Image Script */;
			targetProxy = 09656A8D16B91EEA0066F99D /* PBXContainerItemProxy */;
		};
/* End PBXTargetDependency section */

/* Begin PBXVariantGroup section */
		0973D9F416AD2C4500A8E30A /* Localizable.strings */ = {
			isa = PBXVariantGroup;
			children = (
				0973D9F316AD2C4500A8E30A /* en */,
				0973D9F516AD2C5000A8E30A /* es */,
			);
			name = Localizable.strings;
			path = ..;
			sourceTree = "<group>";
		};
		09D372E51681BA4F00F80410 /* InfoPlist.strings */ = {
			isa = PBXVariantGroup;
			children = (
				09D372E61681BA4F00F80410 /* en */,
			);
			name = InfoPlist.strings;
			sourceTree = "<group>";
		};
/* End PBXVariantGroup section */

/* Begin XCBuildConfiguration section */
		09656A8816B91E510066F99D /* Debug */ = {
			isa = XCBuildConfiguration;
			buildSettings = {
				ARCHS = "$(ARCHS_STANDARD_64_BIT)";
				CLANG_WARN_CONSTANT_CONVERSION = YES;
				CLANG_WARN_ENUM_CONVERSION = YES;
				CLANG_WARN_INT_CONVERSION = YES;
				COMBINE_HIDPI_IMAGES = YES;
				DEBUGGING_SYMBOLS = YES;
				GCC_ENABLE_OBJC_EXCEPTIONS = YES;
				GCC_GENERATE_DEBUGGING_SYMBOLS = YES;
				GCC_OPTIMIZATION_LEVEL = 0;
				GCC_WARN_64_TO_32_BIT_CONVERSION = YES;
				MACOSX_DEPLOYMENT_TARGET = 10.8;
				OTHER_CFLAGS = "";
				OTHER_LDFLAGS = "";
				PRODUCT_NAME = "$(TARGET_NAME)";
				SDKROOT = macosx;
			};
			name = Debug;
		};
		09656A8916B91E510066F99D /* Release */ = {
			isa = XCBuildConfiguration;
			buildSettings = {
				ARCHS = "$(ARCHS_STANDARD_64_BIT)";
				CLANG_WARN_CONSTANT_CONVERSION = YES;
				CLANG_WARN_ENUM_CONVERSION = YES;
				CLANG_WARN_INT_CONVERSION = YES;
				COMBINE_HIDPI_IMAGES = YES;
				DEBUG_INFORMATION_FORMAT = "dwarf-with-dsym";
				GCC_ENABLE_OBJC_EXCEPTIONS = YES;
				GCC_WARN_64_TO_32_BIT_CONVERSION = YES;
				MACOSX_DEPLOYMENT_TARGET = 10.8;
				OTHER_CFLAGS = "";
				OTHER_LDFLAGS = "";
				PRODUCT_NAME = "$(TARGET_NAME)";
				SDKROOT = macosx;
			};
			name = Release;
		};
		09D372FA1681BA4F00F80410 /* Debug */ = {
			isa = XCBuildConfiguration;
			buildSettings = {
				ALWAYS_SEARCH_USER_PATHS = NO;
				CLANG_CXX_LANGUAGE_STANDARD = "gnu++0x";
				CLANG_CXX_LIBRARY = "libc++";
				CLANG_ENABLE_OBJC_ARC = YES;
				CLANG_WARN_EMPTY_BODY = YES;
				CLANG_WARN__DUPLICATE_METHOD_MATCH = YES;
				"CODE_SIGN_IDENTITY[sdk=iphoneos*]" = "iPhone Developer";
				COPY_PHASE_STRIP = NO;
				GCC_C_LANGUAGE_STANDARD = gnu99;
				GCC_DYNAMIC_NO_PIC = NO;
				GCC_OPTIMIZATION_LEVEL = 0;
				GCC_PREPROCESSOR_DEFINITIONS = (
					"DEBUG=1",
					"$(inherited)",
				);
				GCC_SYMBOLS_PRIVATE_EXTERN = NO;
				GCC_WARN_ABOUT_RETURN_TYPE = YES;
				GCC_WARN_UNINITIALIZED_AUTOS = YES;
				GCC_WARN_UNUSED_VARIABLE = YES;
				IPHONEOS_DEPLOYMENT_TARGET = 6.0;
				ONLY_ACTIVE_ARCH = YES;
				SDKROOT = iphoneos;
			};
			name = Debug;
		};
		09D372FB1681BA4F00F80410 /* Release */ = {
			isa = XCBuildConfiguration;
			buildSettings = {
				ALWAYS_SEARCH_USER_PATHS = NO;
				CLANG_CXX_LANGUAGE_STANDARD = "gnu++0x";
				CLANG_CXX_LIBRARY = "libc++";
				CLANG_ENABLE_OBJC_ARC = YES;
				CLANG_WARN_EMPTY_BODY = YES;
				CLANG_WARN__DUPLICATE_METHOD_MATCH = YES;
				"CODE_SIGN_IDENTITY[sdk=iphoneos*]" = "iPhone Developer";
				COPY_PHASE_STRIP = YES;
				GCC_C_LANGUAGE_STANDARD = gnu99;
				GCC_WARN_ABOUT_RETURN_TYPE = YES;
				GCC_WARN_UNINITIALIZED_AUTOS = YES;
				GCC_WARN_UNUSED_VARIABLE = YES;
				IPHONEOS_DEPLOYMENT_TARGET = 6.0;
				OTHER_CFLAGS = "-DNS_BLOCK_ASSERTIONS=1";
				SDKROOT = iphoneos;
				VALIDATE_PRODUCT = YES;
			};
			name = Release;
		};
		09D372FD1681BA4F00F80410 /* Debug */ = {
			isa = XCBuildConfiguration;
			buildSettings = {
				GCC_PRECOMPILE_PREFIX_HEADER = YES;
				GCC_PREFIX_HEADER = "IrregularVerbs/IrregularVerbs-Prefix.pch";
				INFOPLIST_FILE = "IrregularVerbs/IrregularVerbs-Info.plist";
				IPHONEOS_DEPLOYMENT_TARGET = 6.0;
				PRODUCT_NAME = "$(TARGET_NAME)";
				WRAPPER_EXTENSION = app;
			};
			name = Debug;
		};
		09D372FE1681BA4F00F80410 /* Release */ = {
			isa = XCBuildConfiguration;
			buildSettings = {
				CODE_SIGN_IDENTITY = "iPhone Developer";
				GCC_PRECOMPILE_PREFIX_HEADER = YES;
				GCC_PREFIX_HEADER = "IrregularVerbs/IrregularVerbs-Prefix.pch";
				INFOPLIST_FILE = "IrregularVerbs/IrregularVerbs-Info.plist";
				IPHONEOS_DEPLOYMENT_TARGET = 6.0;
				PRODUCT_NAME = "$(TARGET_NAME)";
				PROVISIONING_PROFILE = "";
				WRAPPER_EXTENSION = app;
			};
			name = Release;
		};
/* End XCBuildConfiguration section */

/* Begin XCConfigurationList section */
		09656A8A16B91E520066F99D /* Build configuration list for PBXLegacyTarget "Image Script" */ = {
			isa = XCConfigurationList;
			buildConfigurations = (
				09656A8816B91E510066F99D /* Debug */,
				09656A8916B91E510066F99D /* Release */,
			);
			defaultConfigurationIsVisible = 0;
		};
		09D372D21681BA4F00F80410 /* Build configuration list for PBXProject "IrregularVerbs" */ = {
			isa = XCConfigurationList;
			buildConfigurations = (
				09D372FA1681BA4F00F80410 /* Debug */,
				09D372FB1681BA4F00F80410 /* Release */,
			);
			defaultConfigurationIsVisible = 0;
			defaultConfigurationName = Release;
		};
		09D372FC1681BA4F00F80410 /* Build configuration list for PBXNativeTarget "A list of verbs" */ = {
			isa = XCConfigurationList;
			buildConfigurations = (
				09D372FD1681BA4F00F80410 /* Debug */,
				09D372FE1681BA4F00F80410 /* Release */,
			);
			defaultConfigurationIsVisible = 0;
			defaultConfigurationName = Release;
		};
/* End XCConfigurationList section */
	};
	rootObject = 09D372CF1681BA4F00F80410 /* Project object */;
}
